// !$*UTF8*$!
{
	archiveVersion = 1;
	classes = {
	};
	objectVersion = 51;
	objects = {

/* Begin PBXBuildFile section */
		00F68D2425A7AB7200259E4C /* ApplicationCoordinator.swift in Sources */ = {isa = PBXBuildFile; fileRef = 00F68D2325A7AB7200259E4C /* ApplicationCoordinator.swift */; };
		0BBFE394C0FDFBA380E06AFF /* MainCoordinatorAssembly.swift in Sources */ = {isa = PBXBuildFile; fileRef = A6EBBF477BBA5F91CE3B451C /* MainCoordinatorAssembly.swift */; };
		0EBBD8BD25A79E66006489D5 /* AppDelegate.swift in Sources */ = {isa = PBXBuildFile; fileRef = 0EBBD8BC25A79E66006489D5 /* AppDelegate.swift */; };
		0EBBD8BF25A79E66006489D5 /* SceneDelegate.swift in Sources */ = {isa = PBXBuildFile; fileRef = 0EBBD8BE25A79E66006489D5 /* SceneDelegate.swift */; };
		0EBBD8C625A79E68006489D5 /* Assets.xcassets in Resources */ = {isa = PBXBuildFile; fileRef = 0EBBD8C525A79E68006489D5 /* Assets.xcassets */; };
		0EBBD8C925A79E68006489D5 /* LaunchScreen.storyboard in Resources */ = {isa = PBXBuildFile; fileRef = 0EBBD8C725A79E68006489D5 /* LaunchScreen.storyboard */; };
		1643B6B7A1009EA360B7FE36 /* MainViewController.swift in Sources */ = {isa = PBXBuildFile; fileRef = 116F2964D347790AC532588E /* MainViewController.swift */; };
		48F6E27309199118B90F32C2 /* Pods_Eventer.framework in Frameworks */ = {isa = PBXBuildFile; fileRef = 6C6D8ECB8BAED3AD38C9E019 /* Pods_Eventer.framework */; };
		4C42BDBD0F5F23C664DB6136 /* MainViewModel.swift in Sources */ = {isa = PBXBuildFile; fileRef = B36EAE26EED0962FD02B2B35 /* MainViewModel.swift */; };
		75D157B982AFC023A37C19F1 /* MainModule.swift in Sources */ = {isa = PBXBuildFile; fileRef = 6306D413957137717DE30585 /* MainModule.swift */; };
		93E1AEB9A3A17C25765C33E3 /* MainModuleAssembly.swift in Sources */ = {isa = PBXBuildFile; fileRef = 14F14910C4FE7758D980A58D /* MainModuleAssembly.swift */; };
		DACEBC4261B3C6E36212DF9C /* MainView.swift in Sources */ = {isa = PBXBuildFile; fileRef = 6C4FA736CE5917BF0A6F0CBF /* MainView.swift */; };
		FAE9734C9A0E18AE58614F35 /* MainCoordinator.swift in Sources */ = {isa = PBXBuildFile; fileRef = 683E8AD0119623378A71FE67 /* MainCoordinator.swift */; };
/* End PBXBuildFile section */

/* Begin PBXFileReference section */
		00F68D2325A7AB7200259E4C /* ApplicationCoordinator.swift */ = {isa = PBXFileReference; lastKnownFileType = sourcecode.swift; path = ApplicationCoordinator.swift; sourceTree = "<group>"; };
		0EBBD8B925A79E66006489D5 /* Eventer.app */ = {isa = PBXFileReference; explicitFileType = wrapper.application; includeInIndex = 0; path = Eventer.app; sourceTree = BUILT_PRODUCTS_DIR; };
		0EBBD8BC25A79E66006489D5 /* AppDelegate.swift */ = {isa = PBXFileReference; lastKnownFileType = sourcecode.swift; path = AppDelegate.swift; sourceTree = "<group>"; };
		0EBBD8BE25A79E66006489D5 /* SceneDelegate.swift */ = {isa = PBXFileReference; lastKnownFileType = sourcecode.swift; path = SceneDelegate.swift; sourceTree = "<group>"; };
		0EBBD8C525A79E68006489D5 /* Assets.xcassets */ = {isa = PBXFileReference; lastKnownFileType = folder.assetcatalog; path = Assets.xcassets; sourceTree = "<group>"; };
		0EBBD8C825A79E68006489D5 /* Base */ = {isa = PBXFileReference; lastKnownFileType = file.storyboard; name = Base; path = Base.lproj/LaunchScreen.storyboard; sourceTree = "<group>"; };
		0EBBD8CA25A79E68006489D5 /* Info.plist */ = {isa = PBXFileReference; lastKnownFileType = text.plist.xml; path = Info.plist; sourceTree = "<group>"; };
		116F2964D347790AC532588E /* MainViewController.swift */ = {isa = PBXFileReference; includeInIndex = 1; lastKnownFileType = sourcecode.swift; path = MainViewController.swift; sourceTree = "<group>"; };
		14F14910C4FE7758D980A58D /* MainModuleAssembly.swift */ = {isa = PBXFileReference; includeInIndex = 1; lastKnownFileType = sourcecode.swift; path = MainModuleAssembly.swift; sourceTree = "<group>"; };
		6306D413957137717DE30585 /* MainModule.swift */ = {isa = PBXFileReference; includeInIndex = 1; lastKnownFileType = sourcecode.swift; path = MainModule.swift; sourceTree = "<group>"; };
		683E8AD0119623378A71FE67 /* MainCoordinator.swift */ = {isa = PBXFileReference; includeInIndex = 1; lastKnownFileType = sourcecode.swift; path = MainCoordinator.swift; sourceTree = "<group>"; };
		6C4FA736CE5917BF0A6F0CBF /* MainView.swift */ = {isa = PBXFileReference; includeInIndex = 1; lastKnownFileType = sourcecode.swift; path = MainView.swift; sourceTree = "<group>"; };
		6C6D8ECB8BAED3AD38C9E019 /* Pods_Eventer.framework */ = {isa = PBXFileReference; explicitFileType = wrapper.framework; includeInIndex = 0; path = Pods_Eventer.framework; sourceTree = BUILT_PRODUCTS_DIR; };
		7A97058158FCF09FBC721362 /* Pods-Eventer.debug.xcconfig */ = {isa = PBXFileReference; includeInIndex = 1; lastKnownFileType = text.xcconfig; name = "Pods-Eventer.debug.xcconfig"; path = "Target Support Files/Pods-Eventer/Pods-Eventer.debug.xcconfig"; sourceTree = "<group>"; };
		A6EBBF477BBA5F91CE3B451C /* MainCoordinatorAssembly.swift */ = {isa = PBXFileReference; includeInIndex = 1; lastKnownFileType = sourcecode.swift; path = MainCoordinatorAssembly.swift; sourceTree = "<group>"; };
		B36EAE26EED0962FD02B2B35 /* MainViewModel.swift */ = {isa = PBXFileReference; includeInIndex = 1; lastKnownFileType = sourcecode.swift; path = MainViewModel.swift; sourceTree = "<group>"; };
		BE2A3D9051F8BE2CE4115CCA /* Pods-Eventer.release.xcconfig */ = {isa = PBXFileReference; includeInIndex = 1; lastKnownFileType = text.xcconfig; name = "Pods-Eventer.release.xcconfig"; path = "Target Support Files/Pods-Eventer/Pods-Eventer.release.xcconfig"; sourceTree = "<group>"; };
/* End PBXFileReference section */

/* Begin PBXFrameworksBuildPhase section */
		0EBBD8B625A79E66006489D5 /* Frameworks */ = {
			isa = PBXFrameworksBuildPhase;
			buildActionMask = 2147483647;
			files = (
				48F6E27309199118B90F32C2 /* Pods_Eventer.framework in Frameworks */,
			);
			runOnlyForDeploymentPostprocessing = 0;
		};
/* End PBXFrameworksBuildPhase section */

/* Begin PBXGroup section */
		00F68D2225A7AB6300259E4C /* ApplicationLayer */ = {
			isa = PBXGroup;
			children = (
				00F68D2325A7AB7200259E4C /* ApplicationCoordinator.swift */,
			);
			path = ApplicationLayer;
			sourceTree = "<group>";
		};
		0EBBD8B025A79E66006489D5 = {
			isa = PBXGroup;
			children = (
				0EBBD8BB25A79E66006489D5 /* Eventer */,
				0EBBD8BA25A79E66006489D5 /* Products */,
				A151BDAB52EED4440DCA75E5 /* Pods */,
				6D56FE3514C935FF084E6596 /* Frameworks */,
			);
			sourceTree = "<group>";
		};
		0EBBD8BA25A79E66006489D5 /* Products */ = {
			isa = PBXGroup;
			children = (
				0EBBD8B925A79E66006489D5 /* Eventer.app */,
			);
			name = Products;
			sourceTree = "<group>";
		};
		0EBBD8BB25A79E66006489D5 /* Eventer */ = {
			isa = PBXGroup;
			children = (
				00F68D2225A7AB6300259E4C /* ApplicationLayer */,
				0EBBD8BC25A79E66006489D5 /* AppDelegate.swift */,
				0EBBD8BE25A79E66006489D5 /* SceneDelegate.swift */,
				0EBBD8C525A79E68006489D5 /* Assets.xcassets */,
				0EBBD8C725A79E68006489D5 /* LaunchScreen.storyboard */,
				0EBBD8CA25A79E68006489D5 /* Info.plist */,
				E4D31DF4B699CE7C89F35F68 /* PresentationLayer */,
			);
			path = Eventer;
			sourceTree = "<group>";
		};
		1307F40DFF9A802E1622D19F /* UserStories */ = {
			isa = PBXGroup;
			children = (
				167F7936B10F583CA4D47F9F /* Main */,
			);
			name = UserStories;
			path = UserStories;
			sourceTree = "<group>";
		};
		167F7936B10F583CA4D47F9F /* Main */ = {
			isa = PBXGroup;
			children = (
				341633DC484A2EBE00A223C9 /* Module */,
				B12934BB5179AA7139DC8037 /* View */,
				46D6A0D87C75597B8D2DF587 /* ViewModel */,
				D47255E69C8F6080484E2549 /* Coordinator */,
			);
			name = Main;
			path = Main;
			sourceTree = "<group>";
		};
		341633DC484A2EBE00A223C9 /* Module */ = {
			isa = PBXGroup;
			children = (
				6306D413957137717DE30585 /* MainModule.swift */,
				14F14910C4FE7758D980A58D /* MainModuleAssembly.swift */,
			);
			name = Module;
			path = Module;
			sourceTree = "<group>";
		};
		46D6A0D87C75597B8D2DF587 /* ViewModel */ = {
			isa = PBXGroup;
			children = (
				B36EAE26EED0962FD02B2B35 /* MainViewModel.swift */,
			);
			name = ViewModel;
			path = ViewModel;
			sourceTree = "<group>";
		};
		6D56FE3514C935FF084E6596 /* Frameworks */ = {
			isa = PBXGroup;
			children = (
				6C6D8ECB8BAED3AD38C9E019 /* Pods_Eventer.framework */,
			);
			name = Frameworks;
			sourceTree = "<group>";
		};
		A151BDAB52EED4440DCA75E5 /* Pods */ = {
			isa = PBXGroup;
			children = (
				7A97058158FCF09FBC721362 /* Pods-Eventer.debug.xcconfig */,
				BE2A3D9051F8BE2CE4115CCA /* Pods-Eventer.release.xcconfig */,
			);
			path = Pods;
			sourceTree = "<group>";
		};
		B12934BB5179AA7139DC8037 /* View */ = {
			isa = PBXGroup;
			children = (
				116F2964D347790AC532588E /* MainViewController.swift */,
				6C4FA736CE5917BF0A6F0CBF /* MainView.swift */,
			);
			name = View;
			path = View;
			sourceTree = "<group>";
		};
		D47255E69C8F6080484E2549 /* Coordinator */ = {
			isa = PBXGroup;
			children = (
				683E8AD0119623378A71FE67 /* MainCoordinator.swift */,
				A6EBBF477BBA5F91CE3B451C /* MainCoordinatorAssembly.swift */,
			);
			name = Coordinator;
			path = Coordinator;
			sourceTree = "<group>";
		};
		E4D31DF4B699CE7C89F35F68 /* PresentationLayer */ = {
			isa = PBXGroup;
			children = (
				1307F40DFF9A802E1622D19F /* UserStories */,
			);
			name = PresentationLayer;
			path = PresentationLayer;
			sourceTree = "<group>";
		};
/* End PBXGroup section */

/* Begin PBXNativeTarget section */
		0EBBD8B825A79E66006489D5 /* Eventer */ = {
			isa = PBXNativeTarget;
			buildConfigurationList = 0EBBD8CD25A79E68006489D5 /* Build configuration list for PBXNativeTarget "Eventer" */;
			buildPhases = (
				C6521257E1E8A0843AF6FBDF /* [CP] Check Pods Manifest.lock */,
				0EBBD8B525A79E66006489D5 /* Sources */,
				0EBBD8B625A79E66006489D5 /* Frameworks */,
				0EBBD8B725A79E66006489D5 /* Resources */,
				6064B969C5E973844A25C2FC /* [CP] Embed Pods Frameworks */,
			);
			buildRules = (
			);
			dependencies = (
			);
			name = Eventer;
			productName = Eventer;
			productReference = 0EBBD8B925A79E66006489D5 /* Eventer.app */;
			productType = "com.apple.product-type.application";
		};
/* End PBXNativeTarget section */

/* Begin PBXProject section */
		0EBBD8B125A79E66006489D5 /* Project object */ = {
			isa = PBXProject;
			attributes = {
				LastSwiftUpdateCheck = 1140;
				LastUpgradeCheck = 1140;
				ORGANIZATIONNAME = "Мирошниченко Марина";
				TargetAttributes = {
					0EBBD8B825A79E66006489D5 = {
						CreatedOnToolsVersion = 11.4;
					};
				};
			};
			buildConfigurationList = 0EBBD8B425A79E66006489D5 /* Build configuration list for PBXProject "Eventer" */;
			compatibilityVersion = "Xcode 9.3";
			developmentRegion = en;
			hasScannedForEncodings = 0;
			knownRegions = (
				en,
				Base,
			);
			mainGroup = 0EBBD8B025A79E66006489D5;
			productRefGroup = 0EBBD8BA25A79E66006489D5 /* Products */;
			projectDirPath = "";
			projectRoot = "";
			targets = (
				0EBBD8B825A79E66006489D5 /* Eventer */,
			);
		};
/* End PBXProject section */

/* Begin PBXResourcesBuildPhase section */
		0EBBD8B725A79E66006489D5 /* Resources */ = {
			isa = PBXResourcesBuildPhase;
			buildActionMask = 2147483647;
			files = (
				0EBBD8C925A79E68006489D5 /* LaunchScreen.storyboard in Resources */,
				0EBBD8C625A79E68006489D5 /* Assets.xcassets in Resources */,
			);
			runOnlyForDeploymentPostprocessing = 0;
		};
/* End PBXResourcesBuildPhase section */

/* Begin PBXShellScriptBuildPhase section */
		6064B969C5E973844A25C2FC /* [CP] Embed Pods Frameworks */ = {
			isa = PBXShellScriptBuildPhase;
			buildActionMask = 2147483647;
			files = (
			);
			inputFileListPaths = (
				"${PODS_ROOT}/Target Support Files/Pods-Eventer/Pods-Eventer-frameworks-${CONFIGURATION}-input-files.xcfilelist",
			);
			name = "[CP] Embed Pods Frameworks";
			outputFileListPaths = (
				"${PODS_ROOT}/Target Support Files/Pods-Eventer/Pods-Eventer-frameworks-${CONFIGURATION}-output-files.xcfilelist",
			);
			runOnlyForDeploymentPostprocessing = 0;
			shellPath = /bin/sh;
			shellScript = "\"${PODS_ROOT}/Target Support Files/Pods-Eventer/Pods-Eventer-frameworks.sh\"\n";
			showEnvVarsInLog = 0;
		};
		C6521257E1E8A0843AF6FBDF /* [CP] Check Pods Manifest.lock */ = {
			isa = PBXShellScriptBuildPhase;
			buildActionMask = 2147483647;
			files = (
			);
			inputFileListPaths = (
			);
			inputPaths = (
				"${PODS_PODFILE_DIR_PATH}/Podfile.lock",
				"${PODS_ROOT}/Manifest.lock",
			);
			name = "[CP] Check Pods Manifest.lock";
			outputFileListPaths = (
			);
			outputPaths = (
				"$(DERIVED_FILE_DIR)/Pods-Eventer-checkManifestLockResult.txt",
			);
			runOnlyForDeploymentPostprocessing = 0;
			shellPath = /bin/sh;
			shellScript = "diff \"${PODS_PODFILE_DIR_PATH}/Podfile.lock\" \"${PODS_ROOT}/Manifest.lock\" > /dev/null\nif [ $? != 0 ] ; then\n    # print error to STDERR\n    echo \"error: The sandbox is not in sync with the Podfile.lock. Run 'pod install' or update your CocoaPods installation.\" >&2\n    exit 1\nfi\n# This output is used by Xcode 'outputs' to avoid re-running this script phase.\necho \"SUCCESS\" > \"${SCRIPT_OUTPUT_FILE_0}\"\n";
			showEnvVarsInLog = 0;
		};
/* End PBXShellScriptBuildPhase section */

/* Begin PBXSourcesBuildPhase section */
		0EBBD8B525A79E66006489D5 /* Sources */ = {
			isa = PBXSourcesBuildPhase;
			buildActionMask = 2147483647;
			files = (
				0EBBD8BD25A79E66006489D5 /* AppDelegate.swift in Sources */,
				0EBBD8BF25A79E66006489D5 /* SceneDelegate.swift in Sources */,
				00F68D2425A7AB7200259E4C /* ApplicationCoordinator.swift in Sources */,
				75D157B982AFC023A37C19F1 /* MainModule.swift in Sources */,
				93E1AEB9A3A17C25765C33E3 /* MainModuleAssembly.swift in Sources */,
				1643B6B7A1009EA360B7FE36 /* MainViewController.swift in Sources */,
				DACEBC4261B3C6E36212DF9C /* MainView.swift in Sources */,
				4C42BDBD0F5F23C664DB6136 /* MainViewModel.swift in Sources */,
				FAE9734C9A0E18AE58614F35 /* MainCoordinator.swift in Sources */,
				0BBFE394C0FDFBA380E06AFF /* MainCoordinatorAssembly.swift in Sources */,
			);
			runOnlyForDeploymentPostprocessing = 0;
		};
/* End PBXSourcesBuildPhase section */

/* Begin PBXVariantGroup section */
		0EBBD8C725A79E68006489D5 /* LaunchScreen.storyboard */ = {
			isa = PBXVariantGroup;
			children = (
				0EBBD8C825A79E68006489D5 /* Base */,
			);
			name = LaunchScreen.storyboard;
			sourceTree = "<group>";
		};
/* End PBXVariantGroup section */

/* Begin XCBuildConfiguration section */
		0EBBD8CB25A79E68006489D5 /* Debug */ = {
			isa = XCBuildConfiguration;
			buildSettings = {
				ALWAYS_SEARCH_USER_PATHS = NO;
				CLANG_ANALYZER_NONNULL = YES;
				CLANG_ANALYZER_NUMBER_OBJECT_CONVERSION = YES_AGGRESSIVE;
				CLANG_CXX_LANGUAGE_STANDARD = "gnu++14";
				CLANG_CXX_LIBRARY = "libc++";
				CLANG_ENABLE_MODULES = YES;
				CLANG_ENABLE_OBJC_ARC = YES;
				CLANG_ENABLE_OBJC_WEAK = YES;
				CLANG_WARN_BLOCK_CAPTURE_AUTORELEASING = YES;
				CLANG_WARN_BOOL_CONVERSION = YES;
				CLANG_WARN_COMMA = YES;
				CLANG_WARN_CONSTANT_CONVERSION = YES;
				CLANG_WARN_DEPRECATED_OBJC_IMPLEMENTATIONS = YES;
				CLANG_WARN_DIRECT_OBJC_ISA_USAGE = YES_ERROR;
				CLANG_WARN_DOCUMENTATION_COMMENTS = YES;
				CLANG_WARN_EMPTY_BODY = YES;
				CLANG_WARN_ENUM_CONVERSION = YES;
				CLANG_WARN_INFINITE_RECURSION = YES;
				CLANG_WARN_INT_CONVERSION = YES;
				CLANG_WARN_NON_LITERAL_NULL_CONVERSION = YES;
				CLANG_WARN_OBJC_IMPLICIT_RETAIN_SELF = YES;
				CLANG_WARN_OBJC_LITERAL_CONVERSION = YES;
				CLANG_WARN_OBJC_ROOT_CLASS = YES_ERROR;
				CLANG_WARN_RANGE_LOOP_ANALYSIS = YES;
				CLANG_WARN_STRICT_PROTOTYPES = YES;
				CLANG_WARN_SUSPICIOUS_MOVE = YES;
				CLANG_WARN_UNGUARDED_AVAILABILITY = YES_AGGRESSIVE;
				CLANG_WARN_UNREACHABLE_CODE = YES;
				CLANG_WARN__DUPLICATE_METHOD_MATCH = YES;
				COPY_PHASE_STRIP = NO;
				DEBUG_INFORMATION_FORMAT = dwarf;
				ENABLE_STRICT_OBJC_MSGSEND = YES;
				ENABLE_TESTABILITY = YES;
				GCC_C_LANGUAGE_STANDARD = gnu11;
				GCC_DYNAMIC_NO_PIC = NO;
				GCC_NO_COMMON_BLOCKS = YES;
				GCC_OPTIMIZATION_LEVEL = 0;
				GCC_PREPROCESSOR_DEFINITIONS = (
					"DEBUG=1",
					"$(inherited)",
				);
				GCC_WARN_64_TO_32_BIT_CONVERSION = YES;
				GCC_WARN_ABOUT_RETURN_TYPE = YES_ERROR;
				GCC_WARN_UNDECLARED_SELECTOR = YES;
				GCC_WARN_UNINITIALIZED_AUTOS = YES_AGGRESSIVE;
				GCC_WARN_UNUSED_FUNCTION = YES;
				GCC_WARN_UNUSED_VARIABLE = YES;
				IPHONEOS_DEPLOYMENT_TARGET = 11.0;
				MTL_ENABLE_DEBUG_INFO = INCLUDE_SOURCE;
				MTL_FAST_MATH = YES;
				ONLY_ACTIVE_ARCH = YES;
				SDKROOT = iphoneos;
				SWIFT_ACTIVE_COMPILATION_CONDITIONS = DEBUG;
				SWIFT_OPTIMIZATION_LEVEL = "-Onone";
			};
			name = Debug;
		};
		0EBBD8CC25A79E68006489D5 /* Release */ = {
			isa = XCBuildConfiguration;
			buildSettings = {
				ALWAYS_SEARCH_USER_PATHS = NO;
				CLANG_ANALYZER_NONNULL = YES;
				CLANG_ANALYZER_NUMBER_OBJECT_CONVERSION = YES_AGGRESSIVE;
				CLANG_CXX_LANGUAGE_STANDARD = "gnu++14";
				CLANG_CXX_LIBRARY = "libc++";
				CLANG_ENABLE_MODULES = YES;
				CLANG_ENABLE_OBJC_ARC = YES;
				CLANG_ENABLE_OBJC_WEAK = YES;
				CLANG_WARN_BLOCK_CAPTURE_AUTORELEASING = YES;
				CLANG_WARN_BOOL_CONVERSION = YES;
				CLANG_WARN_COMMA = YES;
				CLANG_WARN_CONSTANT_CONVERSION = YES;
				CLANG_WARN_DEPRECATED_OBJC_IMPLEMENTATIONS = YES;
				CLANG_WARN_DIRECT_OBJC_ISA_USAGE = YES_ERROR;
				CLANG_WARN_DOCUMENTATION_COMMENTS = YES;
				CLANG_WARN_EMPTY_BODY = YES;
				CLANG_WARN_ENUM_CONVERSION = YES;
				CLANG_WARN_INFINITE_RECURSION = YES;
				CLANG_WARN_INT_CONVERSION = YES;
				CLANG_WARN_NON_LITERAL_NULL_CONVERSION = YES;
				CLANG_WARN_OBJC_IMPLICIT_RETAIN_SELF = YES;
				CLANG_WARN_OBJC_LITERAL_CONVERSION = YES;
				CLANG_WARN_OBJC_ROOT_CLASS = YES_ERROR;
				CLANG_WARN_RANGE_LOOP_ANALYSIS = YES;
				CLANG_WARN_STRICT_PROTOTYPES = YES;
				CLANG_WARN_SUSPICIOUS_MOVE = YES;
				CLANG_WARN_UNGUARDED_AVAILABILITY = YES_AGGRESSIVE;
				CLANG_WARN_UNREACHABLE_CODE = YES;
				CLANG_WARN__DUPLICATE_METHOD_MATCH = YES;
				COPY_PHASE_STRIP = NO;
				DEBUG_INFORMATION_FORMAT = "dwarf-with-dsym";
				ENABLE_NS_ASSERTIONS = NO;
				ENABLE_STRICT_OBJC_MSGSEND = YES;
				GCC_C_LANGUAGE_STANDARD = gnu11;
				GCC_NO_COMMON_BLOCKS = YES;
				GCC_WARN_64_TO_32_BIT_CONVERSION = YES;
				GCC_WARN_ABOUT_RETURN_TYPE = YES_ERROR;
				GCC_WARN_UNDECLARED_SELECTOR = YES;
				GCC_WARN_UNINITIALIZED_AUTOS = YES_AGGRESSIVE;
				GCC_WARN_UNUSED_FUNCTION = YES;
				GCC_WARN_UNUSED_VARIABLE = YES;
				IPHONEOS_DEPLOYMENT_TARGET = 11.0;
				MTL_ENABLE_DEBUG_INFO = NO;
				MTL_FAST_MATH = YES;
				SDKROOT = iphoneos;
				SWIFT_COMPILATION_MODE = wholemodule;
				SWIFT_OPTIMIZATION_LEVEL = "-O";
				VALIDATE_PRODUCT = YES;
			};
			name = Release;
		};
		0EBBD8CE25A79E68006489D5 /* Debug */ = {
			isa = XCBuildConfiguration;
			baseConfigurationReference = 7A97058158FCF09FBC721362 /* Pods-Eventer.debug.xcconfig */;
			buildSettings = {
				ASSETCATALOG_COMPILER_APPICON_NAME = AppIcon;
				CODE_SIGN_STYLE = Manual;
				DEVELOPMENT_TEAM = "";
				INFOPLIST_FILE = Eventer/Info.plist;
				IPHONEOS_DEPLOYMENT_TARGET = 11.0;
				LD_RUNPATH_SEARCH_PATHS = (
					"$(inherited)",
					"@executable_path/Frameworks",
				);
				PRODUCT_BUNDLE_IDENTIFIER = com.marinmir.Eventer;
				PRODUCT_NAME = "$(TARGET_NAME)";
				PROVISIONING_PROFILE_SPECIFIER = "";
				SWIFT_VERSION = 5.0;
				TARGETED_DEVICE_FAMILY = 1;
			};
			name = Debug;
		};
		0EBBD8CF25A79E68006489D5 /* Release */ = {
			isa = XCBuildConfiguration;
			baseConfigurationReference = BE2A3D9051F8BE2CE4115CCA /* Pods-Eventer.release.xcconfig */;
			buildSettings = {
				ASSETCATALOG_COMPILER_APPICON_NAME = AppIcon;
				CODE_SIGN_STYLE = Manual;
				DEVELOPMENT_TEAM = "";
				INFOPLIST_FILE = Eventer/Info.plist;
				IPHONEOS_DEPLOYMENT_TARGET = 11.0;
				LD_RUNPATH_SEARCH_PATHS = (
					"$(inherited)",
					"@executable_path/Frameworks",
				);
				PRODUCT_BUNDLE_IDENTIFIER = com.marinmir.Eventer;
				PRODUCT_NAME = "$(TARGET_NAME)";
				PROVISIONING_PROFILE_SPECIFIER = "";
				SWIFT_VERSION = 5.0;
				TARGETED_DEVICE_FAMILY = 1;
			};
			name = Release;
		};
/* End XCBuildConfiguration section */

/* Begin XCConfigurationList section */
		0EBBD8B425A79E66006489D5 /* Build configuration list for PBXProject "Eventer" */ = {
			isa = XCConfigurationList;
			buildConfigurations = (
				0EBBD8CB25A79E68006489D5 /* Debug */,
				0EBBD8CC25A79E68006489D5 /* Release */,
			);
			defaultConfigurationIsVisible = 0;
			defaultConfigurationName = Release;
		};
		0EBBD8CD25A79E68006489D5 /* Build configuration list for PBXNativeTarget "Eventer" */ = {
			isa = XCConfigurationList;
			buildConfigurations = (
				0EBBD8CE25A79E68006489D5 /* Debug */,
				0EBBD8CF25A79E68006489D5 /* Release */,
			);
			defaultConfigurationIsVisible = 0;
			defaultConfigurationName = Release;
		};
/* End XCConfigurationList section */
	};
	rootObject = 0EBBD8B125A79E66006489D5 /* Project object */;
}
