// !$*UTF8*$!
{
	archiveVersion = 1;
	classes = {
	};
	objectVersion = 51;
	objects = {

/* Begin PBXBuildFile section */
		0005AA8126519CE300701F02 /* BubblesTableCell.swift in Sources */ = {isa = PBXBuildFile; fileRef = 0005AA8026519CE300701F02 /* BubblesTableCell.swift */; };
		0005AA862651AD7E00701F02 /* PriceFilterTableCell.swift in Sources */ = {isa = PBXBuildFile; fileRef = 0005AA852651AD7E00701F02 /* PriceFilterTableCell.swift */; };
		002800862653180D0033B433 /* EventLocation.swift in Sources */ = {isa = PBXBuildFile; fileRef = 002800852653180D0033B433 /* EventLocation.swift */; };
		0028008926531D040033B433 /* EventAnnotation.swift in Sources */ = {isa = PBXBuildFile; fileRef = 0028008826531D040033B433 /* EventAnnotation.swift */; };
		004C255C263FEA950011EAEF /* BubblesCollectionView.swift in Sources */ = {isa = PBXBuildFile; fileRef = 004C255B263FEA950011EAEF /* BubblesCollectionView.swift */; };
		004C255F263FEB050011EAEF /* BubbleViewCell.swift in Sources */ = {isa = PBXBuildFile; fileRef = 004C255E263FEB050011EAEF /* BubbleViewCell.swift */; };
		004C2562263FEDB00011EAEF /* BubbleViewModel.swift in Sources */ = {isa = PBXBuildFile; fileRef = 004C2561263FEDB00011EAEF /* BubbleViewModel.swift */; };
		00625F2D263578D3004DBC35 /* TagViewModel.swift in Sources */ = {isa = PBXBuildFile; fileRef = 00625F2C263578D3004DBC35 /* TagViewModel.swift */; };
		006D0079262DA34A00C545E8 /* EventCardViewModel.swift in Sources */ = {isa = PBXBuildFile; fileRef = 006D0078262DA34A00C545E8 /* EventCardViewModel.swift */; };
		0079E5B0263ED971003744FF /* TimeOfDay.swift in Sources */ = {isa = PBXBuildFile; fileRef = 0079E5AF263ED971003744FF /* TimeOfDay.swift */; };
		0079F10D2607F795006A4A1E /* Localizable.strings in Resources */ = {isa = PBXBuildFile; fileRef = 0079F10B2607F795006A4A1E /* Localizable.strings */; };
		0079F1102607F881006A4A1E /* Strings+Generated.swift in Sources */ = {isa = PBXBuildFile; fileRef = 0079F10F2607F881006A4A1E /* Strings+Generated.swift */; };
		0079F1132607FE6E006A4A1E /* FeedsSectionViewModel.swift in Sources */ = {isa = PBXBuildFile; fileRef = 0079F1122607FE6E006A4A1E /* FeedsSectionViewModel.swift */; };
		007E1C972654602B00181BCD /* FavoriteEventCellView.swift in Sources */ = {isa = PBXBuildFile; fileRef = 007E1C962654602B00181BCD /* FavoriteEventCellView.swift */; };
		0080A7DE26095E1100EDE378 /* EventsService.swift in Sources */ = {isa = PBXBuildFile; fileRef = 0080A7DD26095E1100EDE378 /* EventsService.swift */; };
		0080A7E126095E2200EDE378 /* EventsServiceImpl.swift in Sources */ = {isa = PBXBuildFile; fileRef = 0080A7E026095E2200EDE378 /* EventsServiceImpl.swift */; };
		0080A7E4260963F600EDE378 /* ServicesAssembly.swift in Sources */ = {isa = PBXBuildFile; fileRef = 0080A7E3260963F600EDE378 /* ServicesAssembly.swift */; };
		00BF2FAB26238A58002E60A3 /* EventFullSizeCard.swift in Sources */ = {isa = PBXBuildFile; fileRef = 00BF2FAA26238A58002E60A3 /* EventFullSizeCard.swift */; };
		00BF2FAE262391BE002E60A3 /* LikeButton.swift in Sources */ = {isa = PBXBuildFile; fileRef = 00BF2FAD262391BE002E60A3 /* LikeButton.swift */; };
		00BF2FB126239DDE002E60A3 /* EventInfoField.swift in Sources */ = {isa = PBXBuildFile; fileRef = 00BF2FB026239DDE002E60A3 /* EventInfoField.swift */; };
		00BF2FB42623A5A4002E60A3 /* EventOrganizerInfo.swift in Sources */ = {isa = PBXBuildFile; fileRef = 00BF2FB32623A5A4002E60A3 /* EventOrganizerInfo.swift */; };
		00BF2FB72623BAC1002E60A3 /* Fonts.swift in Sources */ = {isa = PBXBuildFile; fileRef = 00BF2FB62623BAC1002E60A3 /* Fonts.swift */; };
		00C77B3D265A8BDB004B49E1 /* TagInputView.swift in Sources */ = {isa = PBXBuildFile; fileRef = 00C77B3C265A8BDB004B49E1 /* TagInputView.swift */; };
		00C77B41265B087E004B49E1 /* FormInputField.swift in Sources */ = {isa = PBXBuildFile; fileRef = 00C77B40265B087E004B49E1 /* FormInputField.swift */; };
		00DF258C25F6CDB8009ADFFE /* SearchBarView.swift in Sources */ = {isa = PBXBuildFile; fileRef = 00DF258B25F6CDB8009ADFFE /* SearchBarView.swift */; };
		00F68D2425A7AB7200259E4C /* ApplicationCoordinator.swift in Sources */ = {isa = PBXBuildFile; fileRef = 00F68D2325A7AB7200259E4C /* ApplicationCoordinator.swift */; };
		00F68D6E25A7C7A600259E4C /* Assets.xcassets in Resources */ = {isa = PBXBuildFile; fileRef = 00F68D6D25A7C7A600259E4C /* Assets.xcassets */; };
		00F68D7C25A7C80C00259E4C /* Assets.swift in Sources */ = {isa = PBXBuildFile; fileRef = 00F68D7B25A7C80C00259E4C /* Assets.swift */; };
		0448EEA7FE0EE1C922E497EE /* CreateEventViewModel.swift in Sources */ = {isa = PBXBuildFile; fileRef = C1C084B673B11617522BB746 /* CreateEventViewModel.swift */; };
		0472576DF647FBE021EA41AD /* FeedFiltersModuleAssembly.swift in Sources */ = {isa = PBXBuildFile; fileRef = 47271A0D53DCABFC47A5E4DD /* FeedFiltersModuleAssembly.swift */; };
		05DF6C0FF4BFB4DA038682E0 /* MapModule.swift in Sources */ = {isa = PBXBuildFile; fileRef = AFE76309394C8E4C90E524E5 /* MapModule.swift */; };
		0B62AC1BB472A1A1E0DEE604 /* FeedsModule.swift in Sources */ = {isa = PBXBuildFile; fileRef = C152FB27F44D14D3981F790A /* FeedsModule.swift */; };
		0E2C5EFC3FC1F1010DFE6777 /* CreateEventViewController.swift in Sources */ = {isa = PBXBuildFile; fileRef = CE968EF75ADE9F7673C045DA /* CreateEventViewController.swift */; };
		0EB3028D748AD922DAC05FC8 /* EventDetailsModule.swift in Sources */ = {isa = PBXBuildFile; fileRef = 70A3F91EB59FF5F4164BFC4A /* EventDetailsModule.swift */; };
		0EBBD8BD25A79E66006489D5 /* AppDelegate.swift in Sources */ = {isa = PBXBuildFile; fileRef = 0EBBD8BC25A79E66006489D5 /* AppDelegate.swift */; };
		0EBBD8BF25A79E66006489D5 /* SceneDelegate.swift in Sources */ = {isa = PBXBuildFile; fileRef = 0EBBD8BE25A79E66006489D5 /* SceneDelegate.swift */; };
		0EBBD8C925A79E68006489D5 /* LaunchScreen.storyboard in Resources */ = {isa = PBXBuildFile; fileRef = 0EBBD8C725A79E68006489D5 /* LaunchScreen.storyboard */; };
		0EF5971725A7CC0D00B8458B /* Tags.swift in Sources */ = {isa = PBXBuildFile; fileRef = 0EF5970F25A7CC0D00B8458B /* Tags.swift */; };
		0EF5971925A7CC0D00B8458B /* EventCardView.swift in Sources */ = {isa = PBXBuildFile; fileRef = 0EF5971225A7CC0D00B8458B /* EventCardView.swift */; };
		0EF5971A25A7CC0D00B8458B /* VisitorsPreview.swift in Sources */ = {isa = PBXBuildFile; fileRef = 0EF5971325A7CC0D00B8458B /* VisitorsPreview.swift */; };
		0EF5971B25A7CC0D00B8458B /* DateView.swift in Sources */ = {isa = PBXBuildFile; fileRef = 0EF5971425A7CC0D00B8458B /* DateView.swift */; };
		0EF5971C25A7CC0D00B8458B /* UIImageView+Storage.swift in Sources */ = {isa = PBXBuildFile; fileRef = 0EF5971625A7CC0D00B8458B /* UIImageView+Storage.swift */; };
		0EF5971E25A7CD7A00B8458B /* GoogleService-Info.plist in Resources */ = {isa = PBXBuildFile; fileRef = 0EF5971D25A7CD7A00B8458B /* GoogleService-Info.plist */; };
		0EF5972225A7D02500B8458B /* CustomDateFormatter.swift in Sources */ = {isa = PBXBuildFile; fileRef = 0EF5972125A7D02500B8458B /* CustomDateFormatter.swift */; };
		0EF5972B25A7D0B100B8458B /* EventType.swift in Sources */ = {isa = PBXBuildFile; fileRef = 0EF5972525A7D0B100B8458B /* EventType.swift */; };
		0EF5972C25A7D0B100B8458B /* EventsLoader.swift in Sources */ = {isa = PBXBuildFile; fileRef = 0EF5972625A7D0B100B8458B /* EventsLoader.swift */; };
		0EF5972D25A7D0B100B8458B /* Event.swift in Sources */ = {isa = PBXBuildFile; fileRef = 0EF5972925A7D0B100B8458B /* Event.swift */; };
		0EF5972E25A7D0B100B8458B /* Visitors.swift in Sources */ = {isa = PBXBuildFile; fileRef = 0EF5972A25A7D0B100B8458B /* Visitors.swift */; };
		0EF5974025A7D62600B8458B /* SearchResultsNotFoundView.swift in Sources */ = {isa = PBXBuildFile; fileRef = 0EF5973125A7D62600B8458B /* SearchResultsNotFoundView.swift */; };
		0EF5974125A7D62600B8458B /* SearchResultCell.swift in Sources */ = {isa = PBXBuildFile; fileRef = 0EF5973325A7D62600B8458B /* SearchResultCell.swift */; };
		0EF5974325A7D62600B8458B /* FeedsSectionHeaderView.swift in Sources */ = {isa = PBXBuildFile; fileRef = 0EF5973625A7D62600B8458B /* FeedsSectionHeaderView.swift */; };
		0EF5974425A7D62600B8458B /* TagCollectionCell.swift in Sources */ = {isa = PBXBuildFile; fileRef = 0EF5973825A7D62600B8458B /* TagCollectionCell.swift */; };
		0EF5974525A7D62600B8458B /* TagView.swift in Sources */ = {isa = PBXBuildFile; fileRef = 0EF5973925A7D62600B8458B /* TagView.swift */; };
		0EF5974625A7D62600B8458B /* TagsCell.swift in Sources */ = {isa = PBXBuildFile; fileRef = 0EF5973A25A7D62600B8458B /* TagsCell.swift */; };
		0EF5974725A7D62600B8458B /* EventCollectionCell.swift in Sources */ = {isa = PBXBuildFile; fileRef = 0EF5973C25A7D62600B8458B /* EventCollectionCell.swift */; };
		0EF5974825A7D62600B8458B /* EventListCell.swift in Sources */ = {isa = PBXBuildFile; fileRef = 0EF5973D25A7D62600B8458B /* EventListCell.swift */; };
		0EF5974925A7D62600B8458B /* FeedsRepresentingOutput.swift in Sources */ = {isa = PBXBuildFile; fileRef = 0EF5973E25A7D62600B8458B /* FeedsRepresentingOutput.swift */; };
		0FD69D934ACB8760EF453CB0 /* SearchResultsModuleAssembly.swift in Sources */ = {isa = PBXBuildFile; fileRef = BA404AC67DD46AF3860E5596 /* SearchResultsModuleAssembly.swift */; };
		1245DDD991B8B8D54E9EDB15 /* FeedFiltersCoordinator.swift in Sources */ = {isa = PBXBuildFile; fileRef = 6B8AD707160589ABD9E9EF92 /* FeedFiltersCoordinator.swift */; };
		136A9759CDEE9FB5C0DE306B /* FeedFiltersViewController.swift in Sources */ = {isa = PBXBuildFile; fileRef = 4070C011425011D68A8C994F /* FeedFiltersViewController.swift */; };
		1643B6B7A1009EA360B7FE36 /* MainViewController.swift in Sources */ = {isa = PBXBuildFile; fileRef = 116F2964D347790AC532588E /* MainViewController.swift */; };
		1818C58716414109F5301629 /* ProfileModuleAssembly.swift in Sources */ = {isa = PBXBuildFile; fileRef = 5BC7AB54C9879BB1578ECA93 /* ProfileModuleAssembly.swift */; };
		18F8BE2D7901E84FB3AC084B /* ProfileViewController.swift in Sources */ = {isa = PBXBuildFile; fileRef = 54E4752FC19733B39A463A57 /* ProfileViewController.swift */; };
		222ED5C0923D4B01A4B1B2A3 /* SearchResultsView.swift in Sources */ = {isa = PBXBuildFile; fileRef = BD20D4C9C4C01741A67267C0 /* SearchResultsView.swift */; };
		256A2BB10AF8C71BDDBD91B0 /* MapView.swift in Sources */ = {isa = PBXBuildFile; fileRef = 64D89FD51A03082A6B17B72B /* MapView.swift */; };
		292B2B282853E3E5B553FA9C /* EventDetailsViewController.swift in Sources */ = {isa = PBXBuildFile; fileRef = 2DFB58DAA06629C6955DEF73 /* EventDetailsViewController.swift */; };
		2B568C0161D84D663E6667F2 /* ProfileModule.swift in Sources */ = {isa = PBXBuildFile; fileRef = C0852413CF4BE24F88CB50A7 /* ProfileModule.swift */; };
		324B85E3E9D96012855330B6 /* FavouritesViewModel.swift in Sources */ = {isa = PBXBuildFile; fileRef = 2526AB483AD938D7B2EEC771 /* FavouritesViewModel.swift */; };
		3ADDD8C28E2EBC6FE5F21BF9 /* PickLocationModuleAssembly.swift in Sources */ = {isa = PBXBuildFile; fileRef = B31ABDC91B2C666038A06757 /* PickLocationModuleAssembly.swift */; };
		3BEA35A967DBB6F650D56BC6 /* FeedsView.swift in Sources */ = {isa = PBXBuildFile; fileRef = B0F2BE4AA492E62C9EBC2791 /* FeedsView.swift */; };
		40729A55B193C6D58E1BAC87 /* CreateEventModuleAssembly.swift in Sources */ = {isa = PBXBuildFile; fileRef = 7F5EFDEBCFFFE7718F3DE2C6 /* CreateEventModuleAssembly.swift */; };
		4869EDC3BA710C7AFD2A906C /* SearchResultsViewController.swift in Sources */ = {isa = PBXBuildFile; fileRef = 8F8BC6B1E6EB6C077ADAD1BC /* SearchResultsViewController.swift */; };
		48F6E27309199118B90F32C2 /* Pods_Eventer.framework in Frameworks */ = {isa = PBXBuildFile; fileRef = 6C6D8ECB8BAED3AD38C9E019 /* Pods_Eventer.framework */; };
		4AC95D2CC96756FD513446EA /* FeedFiltersView.swift in Sources */ = {isa = PBXBuildFile; fileRef = 5FC7D202A45F371FBF2FA0BF /* FeedFiltersView.swift */; };
		4C42BDBD0F5F23C664DB6136 /* MainViewModel.swift in Sources */ = {isa = PBXBuildFile; fileRef = B36EAE26EED0962FD02B2B35 /* MainViewModel.swift */; };
		5B91F3016C3FB0AE3E20133A /* MapViewController.swift in Sources */ = {isa = PBXBuildFile; fileRef = D3B2620F8C4A61B3606AF992 /* MapViewController.swift */; };
		5E6F9E453C80113F642BDB09 /* EventDetailsView.swift in Sources */ = {isa = PBXBuildFile; fileRef = FE4C3B050A83D2DFA79606D2 /* EventDetailsView.swift */; };
		75D157B982AFC023A37C19F1 /* MainModule.swift in Sources */ = {isa = PBXBuildFile; fileRef = 6306D413957137717DE30585 /* MainModule.swift */; };
		8A9AAFF1AFD7BC0F4F50D1F1 /* SearchResultsCoordinator.swift in Sources */ = {isa = PBXBuildFile; fileRef = FB43288DA9C26D74908AC202 /* SearchResultsCoordinator.swift */; };
		8DE3611E9BB23C50144AE676 /* PickLocationViewModel.swift in Sources */ = {isa = PBXBuildFile; fileRef = B968DB6D7BF2CF2E13F15B38 /* PickLocationViewModel.swift */; };
		913C9B2D36062C54A8F39DC4 /* CreateEventModule.swift in Sources */ = {isa = PBXBuildFile; fileRef = 07FC1F2AE1AE29E1C3AD0CB9 /* CreateEventModule.swift */; };
		93E1AEB9A3A17C25765C33E3 /* MainModuleAssembly.swift in Sources */ = {isa = PBXBuildFile; fileRef = 14F14910C4FE7758D980A58D /* MainModuleAssembly.swift */; };
		966E262F8E99E34073CA0D26 /* CreateEventView.swift in Sources */ = {isa = PBXBuildFile; fileRef = C246BAE4FFB83D4D5C37E6F4 /* CreateEventView.swift */; };
		9E2EBDF1B7D4EA4CF6D64DD1 /* ProfileViewModel.swift in Sources */ = {isa = PBXBuildFile; fileRef = 396905F5DAAE1E991FC67566 /* ProfileViewModel.swift */; };
		9ED1E7DDF9DE803C34AE24CF /* PickLocationCoordinator.swift in Sources */ = {isa = PBXBuildFile; fileRef = FFEB1DA80BD98C9A699CB163 /* PickLocationCoordinator.swift */; };
		A08127F1735162A6C3693360 /* FeedFiltersViewModel.swift in Sources */ = {isa = PBXBuildFile; fileRef = C8BA9246E208C288544FC026 /* FeedFiltersViewModel.swift */; };
		A3BAB6403050EB53B046352F /* MapViewModel.swift in Sources */ = {isa = PBXBuildFile; fileRef = B87A898B3ABDE66A62769DC0 /* MapViewModel.swift */; };
		A6F938B1B806ADB8D630D7DD /* FavouritesModuleAssembly.swift in Sources */ = {isa = PBXBuildFile; fileRef = 3D19FFA05EED91AACD77BC63 /* FavouritesModuleAssembly.swift */; };
		A7C48083EE2AA46E00E6D792 /* ProfileView.swift in Sources */ = {isa = PBXBuildFile; fileRef = C87084A6B9812566DEC6C47F /* ProfileView.swift */; };
		A92EC6DFA10984C35742E306 /* EventDetailsViewModel.swift in Sources */ = {isa = PBXBuildFile; fileRef = 529C2FAAE79BDD14FECDD06B /* EventDetailsViewModel.swift */; };
		AD0117533CD0AB1F39F2FC9E /* PickLocationView.swift in Sources */ = {isa = PBXBuildFile; fileRef = 3CCB0CB9B8FF4494FAEEBA90 /* PickLocationView.swift */; };
		AE08CB25101FFC974E30FCA0 /* FeedFiltersModule.swift in Sources */ = {isa = PBXBuildFile; fileRef = 3707C43F1B53A80AA33B55FD /* FeedFiltersModule.swift */; };
		B843C36F6D5D7B3559D9BFAE /* FeedsViewModel.swift in Sources */ = {isa = PBXBuildFile; fileRef = 2976CADDE26CCEC2072F3FA2 /* FeedsViewModel.swift */; };
		B8540EE16ECAD2FB457BB950 /* SearchResultsViewModel.swift in Sources */ = {isa = PBXBuildFile; fileRef = 58ED380AC6D8915D5BE0E37D /* SearchResultsViewModel.swift */; };
		BF8E13E3EB5E61A9B07B61BF /* PickLocationViewController.swift in Sources */ = {isa = PBXBuildFile; fileRef = C011202C2F4A46BE827DB38A /* PickLocationViewController.swift */; };
		C09970E1D129E05F6EF8A3D5 /* FeedsViewController.swift in Sources */ = {isa = PBXBuildFile; fileRef = 5ACCFCF898E18515F2B6356B /* FeedsViewController.swift */; };
		C5471CAF063AF5F4B2E67000 /* EventDetailsCoordinator.swift in Sources */ = {isa = PBXBuildFile; fileRef = 3DDB81349310BC30041827B8 /* EventDetailsCoordinator.swift */; };
		C720252B7CF88F89E00553F8 /* FavouritesView.swift in Sources */ = {isa = PBXBuildFile; fileRef = E304F524E3606946CE1F4D47 /* FavouritesView.swift */; };
		CD0159D8F02B2793197CC013 /* PickLocationModule.swift in Sources */ = {isa = PBXBuildFile; fileRef = A770933D7F7A8CA59D8F201C /* PickLocationModule.swift */; };
		CDE7E8221AEEBDBC552F23B4 /* FavouritesModule.swift in Sources */ = {isa = PBXBuildFile; fileRef = CFBDFA940461114D92C69E97 /* FavouritesModule.swift */; };
		D1096D7BBCED935E1B792775 /* SearchResultsModule.swift in Sources */ = {isa = PBXBuildFile; fileRef = FD14D7C0D16D1E20114621F4 /* SearchResultsModule.swift */; };
		D58DD247367C32EA2F4C7C24 /* EventDetailsModuleAssembly.swift in Sources */ = {isa = PBXBuildFile; fileRef = D94A59F97DEE298790C73A56 /* EventDetailsModuleAssembly.swift */; };
		DACEBC4261B3C6E36212DF9C /* MainView.swift in Sources */ = {isa = PBXBuildFile; fileRef = 6C4FA736CE5917BF0A6F0CBF /* MainView.swift */; };
		E611726537AA67DA8D3A4CEC /* FavouritesViewController.swift in Sources */ = {isa = PBXBuildFile; fileRef = 8B8DFD32D864AD3C963B4C3E /* FavouritesViewController.swift */; };
		E8FBFB832EE4067B8D6A8F33 /* FeedsModuleAssembly.swift in Sources */ = {isa = PBXBuildFile; fileRef = 6818312BF7EAA52F5605635C /* FeedsModuleAssembly.swift */; };
		E97DD704D43F2FB9517B8367 /* MapModuleAssembly.swift in Sources */ = {isa = PBXBuildFile; fileRef = C42F69C23D1D21C580C63862 /* MapModuleAssembly.swift */; };
		FAE9734C9A0E18AE58614F35 /* MainCoordinator.swift in Sources */ = {isa = PBXBuildFile; fileRef = 683E8AD0119623378A71FE67 /* MainCoordinator.swift */; };
/* End PBXBuildFile section */

/* Begin PBXFileReference section */
		0005AA8026519CE300701F02 /* BubblesTableCell.swift */ = {isa = PBXFileReference; lastKnownFileType = sourcecode.swift; path = BubblesTableCell.swift; sourceTree = "<group>"; };
		0005AA852651AD7E00701F02 /* PriceFilterTableCell.swift */ = {isa = PBXFileReference; lastKnownFileType = sourcecode.swift; path = PriceFilterTableCell.swift; sourceTree = "<group>"; };
		002800852653180D0033B433 /* EventLocation.swift */ = {isa = PBXFileReference; lastKnownFileType = sourcecode.swift; path = EventLocation.swift; sourceTree = "<group>"; };
		0028008826531D040033B433 /* EventAnnotation.swift */ = {isa = PBXFileReference; lastKnownFileType = sourcecode.swift; path = EventAnnotation.swift; sourceTree = "<group>"; };
		004C255B263FEA950011EAEF /* BubblesCollectionView.swift */ = {isa = PBXFileReference; lastKnownFileType = sourcecode.swift; path = BubblesCollectionView.swift; sourceTree = "<group>"; };
		004C255E263FEB050011EAEF /* BubbleViewCell.swift */ = {isa = PBXFileReference; lastKnownFileType = sourcecode.swift; path = BubbleViewCell.swift; sourceTree = "<group>"; };
		004C2561263FEDB00011EAEF /* BubbleViewModel.swift */ = {isa = PBXFileReference; lastKnownFileType = sourcecode.swift; path = BubbleViewModel.swift; sourceTree = "<group>"; };
		00625F2C263578D3004DBC35 /* TagViewModel.swift */ = {isa = PBXFileReference; lastKnownFileType = sourcecode.swift; path = TagViewModel.swift; sourceTree = "<group>"; };
		006D0078262DA34A00C545E8 /* EventCardViewModel.swift */ = {isa = PBXFileReference; lastKnownFileType = sourcecode.swift; path = EventCardViewModel.swift; sourceTree = "<group>"; };
		0079E5AF263ED971003744FF /* TimeOfDay.swift */ = {isa = PBXFileReference; lastKnownFileType = sourcecode.swift; path = TimeOfDay.swift; sourceTree = "<group>"; };
		0079F10C2607F795006A4A1E /* Base */ = {isa = PBXFileReference; lastKnownFileType = text.plist.strings; name = Base; path = Localizable.strings; sourceTree = "<group>"; };
		0079F10F2607F881006A4A1E /* Strings+Generated.swift */ = {isa = PBXFileReference; fileEncoding = 4; lastKnownFileType = sourcecode.swift; path = "Strings+Generated.swift"; sourceTree = "<group>"; };
		0079F1122607FE6E006A4A1E /* FeedsSectionViewModel.swift */ = {isa = PBXFileReference; lastKnownFileType = sourcecode.swift; path = FeedsSectionViewModel.swift; sourceTree = "<group>"; };
		007E1C962654602B00181BCD /* FavoriteEventCellView.swift */ = {isa = PBXFileReference; lastKnownFileType = sourcecode.swift; path = FavoriteEventCellView.swift; sourceTree = "<group>"; };
		0080A7DD26095E1100EDE378 /* EventsService.swift */ = {isa = PBXFileReference; fileEncoding = 4; lastKnownFileType = sourcecode.swift; path = EventsService.swift; sourceTree = "<group>"; };
		0080A7E026095E2200EDE378 /* EventsServiceImpl.swift */ = {isa = PBXFileReference; lastKnownFileType = sourcecode.swift; path = EventsServiceImpl.swift; sourceTree = "<group>"; };
		0080A7E3260963F600EDE378 /* ServicesAssembly.swift */ = {isa = PBXFileReference; lastKnownFileType = sourcecode.swift; path = ServicesAssembly.swift; sourceTree = "<group>"; };
		00BF2FA626238113002E60A3 /* ru */ = {isa = PBXFileReference; lastKnownFileType = text.plist.strings; name = ru; path = ru.lproj/LaunchScreen.strings; sourceTree = "<group>"; };
		00BF2FA726238113002E60A3 /* ru */ = {isa = PBXFileReference; lastKnownFileType = text.plist.strings; name = ru; path = ../ru.lproj/Localizable.strings; sourceTree = "<group>"; };
		00BF2FAA26238A58002E60A3 /* EventFullSizeCard.swift */ = {isa = PBXFileReference; lastKnownFileType = sourcecode.swift; path = EventFullSizeCard.swift; sourceTree = "<group>"; };
		00BF2FAD262391BE002E60A3 /* LikeButton.swift */ = {isa = PBXFileReference; lastKnownFileType = sourcecode.swift; path = LikeButton.swift; sourceTree = "<group>"; };
		00BF2FB026239DDE002E60A3 /* EventInfoField.swift */ = {isa = PBXFileReference; lastKnownFileType = sourcecode.swift; path = EventInfoField.swift; sourceTree = "<group>"; };
		00BF2FB32623A5A4002E60A3 /* EventOrganizerInfo.swift */ = {isa = PBXFileReference; lastKnownFileType = sourcecode.swift; path = EventOrganizerInfo.swift; sourceTree = "<group>"; };
		00BF2FB62623BAC1002E60A3 /* Fonts.swift */ = {isa = PBXFileReference; lastKnownFileType = sourcecode.swift; path = Fonts.swift; sourceTree = "<group>"; };
		00C77B3C265A8BDB004B49E1 /* TagInputView.swift */ = {isa = PBXFileReference; lastKnownFileType = sourcecode.swift; path = TagInputView.swift; sourceTree = "<group>"; };
		00C77B40265B087E004B49E1 /* FormInputField.swift */ = {isa = PBXFileReference; lastKnownFileType = sourcecode.swift; path = FormInputField.swift; sourceTree = "<group>"; };
		00DF258B25F6CDB8009ADFFE /* SearchBarView.swift */ = {isa = PBXFileReference; lastKnownFileType = sourcecode.swift; path = SearchBarView.swift; sourceTree = "<group>"; };
		00F68D2325A7AB7200259E4C /* ApplicationCoordinator.swift */ = {isa = PBXFileReference; lastKnownFileType = sourcecode.swift; path = ApplicationCoordinator.swift; sourceTree = "<group>"; };
		00F68D6D25A7C7A600259E4C /* Assets.xcassets */ = {isa = PBXFileReference; lastKnownFileType = folder.assetcatalog; path = Assets.xcassets; sourceTree = "<group>"; };
		00F68D7B25A7C80C00259E4C /* Assets.swift */ = {isa = PBXFileReference; fileEncoding = 4; lastKnownFileType = sourcecode.swift; path = Assets.swift; sourceTree = "<group>"; };
		07FC1F2AE1AE29E1C3AD0CB9 /* CreateEventModule.swift */ = {isa = PBXFileReference; includeInIndex = 1; lastKnownFileType = sourcecode.swift; path = CreateEventModule.swift; sourceTree = "<group>"; };
		0EBBD8B925A79E66006489D5 /* Eventer.app */ = {isa = PBXFileReference; explicitFileType = wrapper.application; includeInIndex = 0; path = Eventer.app; sourceTree = BUILT_PRODUCTS_DIR; };
		0EBBD8BC25A79E66006489D5 /* AppDelegate.swift */ = {isa = PBXFileReference; lastKnownFileType = sourcecode.swift; path = AppDelegate.swift; sourceTree = "<group>"; };
		0EBBD8BE25A79E66006489D5 /* SceneDelegate.swift */ = {isa = PBXFileReference; lastKnownFileType = sourcecode.swift; path = SceneDelegate.swift; sourceTree = "<group>"; };
		0EBBD8C825A79E68006489D5 /* Base */ = {isa = PBXFileReference; lastKnownFileType = file.storyboard; name = Base; path = Base.lproj/LaunchScreen.storyboard; sourceTree = "<group>"; };
		0EBBD8CA25A79E68006489D5 /* Info.plist */ = {isa = PBXFileReference; lastKnownFileType = text.plist.xml; path = Info.plist; sourceTree = "<group>"; };
		0EF5970F25A7CC0D00B8458B /* Tags.swift */ = {isa = PBXFileReference; fileEncoding = 4; lastKnownFileType = sourcecode.swift; path = Tags.swift; sourceTree = "<group>"; };
		0EF5971225A7CC0D00B8458B /* EventCardView.swift */ = {isa = PBXFileReference; fileEncoding = 4; lastKnownFileType = sourcecode.swift; path = EventCardView.swift; sourceTree = "<group>"; };
		0EF5971325A7CC0D00B8458B /* VisitorsPreview.swift */ = {isa = PBXFileReference; fileEncoding = 4; lastKnownFileType = sourcecode.swift; path = VisitorsPreview.swift; sourceTree = "<group>"; };
		0EF5971425A7CC0D00B8458B /* DateView.swift */ = {isa = PBXFileReference; fileEncoding = 4; lastKnownFileType = sourcecode.swift; path = DateView.swift; sourceTree = "<group>"; };
		0EF5971625A7CC0D00B8458B /* UIImageView+Storage.swift */ = {isa = PBXFileReference; fileEncoding = 4; lastKnownFileType = sourcecode.swift; path = "UIImageView+Storage.swift"; sourceTree = "<group>"; };
		0EF5971D25A7CD7A00B8458B /* GoogleService-Info.plist */ = {isa = PBXFileReference; fileEncoding = 4; lastKnownFileType = text.plist.xml; path = "GoogleService-Info.plist"; sourceTree = "<group>"; };
		0EF5972125A7D02500B8458B /* CustomDateFormatter.swift */ = {isa = PBXFileReference; fileEncoding = 4; lastKnownFileType = sourcecode.swift; path = CustomDateFormatter.swift; sourceTree = "<group>"; };
		0EF5972525A7D0B100B8458B /* EventType.swift */ = {isa = PBXFileReference; fileEncoding = 4; lastKnownFileType = sourcecode.swift; path = EventType.swift; sourceTree = "<group>"; };
		0EF5972625A7D0B100B8458B /* EventsLoader.swift */ = {isa = PBXFileReference; fileEncoding = 4; lastKnownFileType = sourcecode.swift; path = EventsLoader.swift; sourceTree = "<group>"; };
		0EF5972925A7D0B100B8458B /* Event.swift */ = {isa = PBXFileReference; fileEncoding = 4; lastKnownFileType = sourcecode.swift; path = Event.swift; sourceTree = "<group>"; };
		0EF5972A25A7D0B100B8458B /* Visitors.swift */ = {isa = PBXFileReference; fileEncoding = 4; lastKnownFileType = sourcecode.swift; path = Visitors.swift; sourceTree = "<group>"; };
		0EF5973125A7D62600B8458B /* SearchResultsNotFoundView.swift */ = {isa = PBXFileReference; fileEncoding = 4; lastKnownFileType = sourcecode.swift; path = SearchResultsNotFoundView.swift; sourceTree = "<group>"; };
		0EF5973325A7D62600B8458B /* SearchResultCell.swift */ = {isa = PBXFileReference; fileEncoding = 4; lastKnownFileType = sourcecode.swift; path = SearchResultCell.swift; sourceTree = "<group>"; };
		0EF5973625A7D62600B8458B /* FeedsSectionHeaderView.swift */ = {isa = PBXFileReference; fileEncoding = 4; lastKnownFileType = sourcecode.swift; path = FeedsSectionHeaderView.swift; sourceTree = "<group>"; };
		0EF5973825A7D62600B8458B /* TagCollectionCell.swift */ = {isa = PBXFileReference; fileEncoding = 4; lastKnownFileType = sourcecode.swift; path = TagCollectionCell.swift; sourceTree = "<group>"; };
		0EF5973925A7D62600B8458B /* TagView.swift */ = {isa = PBXFileReference; fileEncoding = 4; lastKnownFileType = sourcecode.swift; path = TagView.swift; sourceTree = "<group>"; };
		0EF5973A25A7D62600B8458B /* TagsCell.swift */ = {isa = PBXFileReference; fileEncoding = 4; lastKnownFileType = sourcecode.swift; path = TagsCell.swift; sourceTree = "<group>"; };
		0EF5973C25A7D62600B8458B /* EventCollectionCell.swift */ = {isa = PBXFileReference; fileEncoding = 4; lastKnownFileType = sourcecode.swift; path = EventCollectionCell.swift; sourceTree = "<group>"; };
		0EF5973D25A7D62600B8458B /* EventListCell.swift */ = {isa = PBXFileReference; fileEncoding = 4; lastKnownFileType = sourcecode.swift; path = EventListCell.swift; sourceTree = "<group>"; };
		0EF5973E25A7D62600B8458B /* FeedsRepresentingOutput.swift */ = {isa = PBXFileReference; fileEncoding = 4; lastKnownFileType = sourcecode.swift; path = FeedsRepresentingOutput.swift; sourceTree = "<group>"; };
		116F2964D347790AC532588E /* MainViewController.swift */ = {isa = PBXFileReference; includeInIndex = 1; lastKnownFileType = sourcecode.swift; path = MainViewController.swift; sourceTree = "<group>"; };
		14F14910C4FE7758D980A58D /* MainModuleAssembly.swift */ = {isa = PBXFileReference; includeInIndex = 1; lastKnownFileType = sourcecode.swift; path = MainModuleAssembly.swift; sourceTree = "<group>"; };
		2526AB483AD938D7B2EEC771 /* FavouritesViewModel.swift */ = {isa = PBXFileReference; includeInIndex = 1; lastKnownFileType = sourcecode.swift; path = FavouritesViewModel.swift; sourceTree = "<group>"; };
		2976CADDE26CCEC2072F3FA2 /* FeedsViewModel.swift */ = {isa = PBXFileReference; includeInIndex = 1; lastKnownFileType = sourcecode.swift; path = FeedsViewModel.swift; sourceTree = "<group>"; };
		2DFB58DAA06629C6955DEF73 /* EventDetailsViewController.swift */ = {isa = PBXFileReference; includeInIndex = 1; lastKnownFileType = sourcecode.swift; path = EventDetailsViewController.swift; sourceTree = "<group>"; };
		3707C43F1B53A80AA33B55FD /* FeedFiltersModule.swift */ = {isa = PBXFileReference; includeInIndex = 1; lastKnownFileType = sourcecode.swift; path = FeedFiltersModule.swift; sourceTree = "<group>"; };
		396905F5DAAE1E991FC67566 /* ProfileViewModel.swift */ = {isa = PBXFileReference; includeInIndex = 1; lastKnownFileType = sourcecode.swift; path = ProfileViewModel.swift; sourceTree = "<group>"; };
		3CCB0CB9B8FF4494FAEEBA90 /* PickLocationView.swift */ = {isa = PBXFileReference; includeInIndex = 1; lastKnownFileType = sourcecode.swift; path = PickLocationView.swift; sourceTree = "<group>"; };
		3D19FFA05EED91AACD77BC63 /* FavouritesModuleAssembly.swift */ = {isa = PBXFileReference; includeInIndex = 1; lastKnownFileType = sourcecode.swift; path = FavouritesModuleAssembly.swift; sourceTree = "<group>"; };
		3DDB81349310BC30041827B8 /* EventDetailsCoordinator.swift */ = {isa = PBXFileReference; includeInIndex = 1; lastKnownFileType = sourcecode.swift; path = EventDetailsCoordinator.swift; sourceTree = "<group>"; };
		4070C011425011D68A8C994F /* FeedFiltersViewController.swift */ = {isa = PBXFileReference; includeInIndex = 1; lastKnownFileType = sourcecode.swift; path = FeedFiltersViewController.swift; sourceTree = "<group>"; };
		47271A0D53DCABFC47A5E4DD /* FeedFiltersModuleAssembly.swift */ = {isa = PBXFileReference; includeInIndex = 1; lastKnownFileType = sourcecode.swift; path = FeedFiltersModuleAssembly.swift; sourceTree = "<group>"; };
		529C2FAAE79BDD14FECDD06B /* EventDetailsViewModel.swift */ = {isa = PBXFileReference; includeInIndex = 1; lastKnownFileType = sourcecode.swift; path = EventDetailsViewModel.swift; sourceTree = "<group>"; };
		54E4752FC19733B39A463A57 /* ProfileViewController.swift */ = {isa = PBXFileReference; includeInIndex = 1; lastKnownFileType = sourcecode.swift; path = ProfileViewController.swift; sourceTree = "<group>"; };
		58ED380AC6D8915D5BE0E37D /* SearchResultsViewModel.swift */ = {isa = PBXFileReference; includeInIndex = 1; lastKnownFileType = sourcecode.swift; path = SearchResultsViewModel.swift; sourceTree = "<group>"; };
		5ACCFCF898E18515F2B6356B /* FeedsViewController.swift */ = {isa = PBXFileReference; includeInIndex = 1; lastKnownFileType = sourcecode.swift; path = FeedsViewController.swift; sourceTree = "<group>"; };
		5BC7AB54C9879BB1578ECA93 /* ProfileModuleAssembly.swift */ = {isa = PBXFileReference; includeInIndex = 1; lastKnownFileType = sourcecode.swift; path = ProfileModuleAssembly.swift; sourceTree = "<group>"; };
		5FC7D202A45F371FBF2FA0BF /* FeedFiltersView.swift */ = {isa = PBXFileReference; includeInIndex = 1; lastKnownFileType = sourcecode.swift; path = FeedFiltersView.swift; sourceTree = "<group>"; };
		6306D413957137717DE30585 /* MainModule.swift */ = {isa = PBXFileReference; includeInIndex = 1; lastKnownFileType = sourcecode.swift; path = MainModule.swift; sourceTree = "<group>"; };
		64D89FD51A03082A6B17B72B /* MapView.swift */ = {isa = PBXFileReference; includeInIndex = 1; lastKnownFileType = sourcecode.swift; path = MapView.swift; sourceTree = "<group>"; };
		6818312BF7EAA52F5605635C /* FeedsModuleAssembly.swift */ = {isa = PBXFileReference; includeInIndex = 1; lastKnownFileType = sourcecode.swift; path = FeedsModuleAssembly.swift; sourceTree = "<group>"; };
		683E8AD0119623378A71FE67 /* MainCoordinator.swift */ = {isa = PBXFileReference; includeInIndex = 1; lastKnownFileType = sourcecode.swift; path = MainCoordinator.swift; sourceTree = "<group>"; };
		6B8AD707160589ABD9E9EF92 /* FeedFiltersCoordinator.swift */ = {isa = PBXFileReference; includeInIndex = 1; lastKnownFileType = sourcecode.swift; path = FeedFiltersCoordinator.swift; sourceTree = "<group>"; };
		6C4FA736CE5917BF0A6F0CBF /* MainView.swift */ = {isa = PBXFileReference; includeInIndex = 1; lastKnownFileType = sourcecode.swift; path = MainView.swift; sourceTree = "<group>"; };
		6C6D8ECB8BAED3AD38C9E019 /* Pods_Eventer.framework */ = {isa = PBXFileReference; explicitFileType = wrapper.framework; includeInIndex = 0; path = Pods_Eventer.framework; sourceTree = BUILT_PRODUCTS_DIR; };
		70A3F91EB59FF5F4164BFC4A /* EventDetailsModule.swift */ = {isa = PBXFileReference; includeInIndex = 1; lastKnownFileType = sourcecode.swift; path = EventDetailsModule.swift; sourceTree = "<group>"; };
		7A97058158FCF09FBC721362 /* Pods-Eventer.debug.xcconfig */ = {isa = PBXFileReference; includeInIndex = 1; lastKnownFileType = text.xcconfig; name = "Pods-Eventer.debug.xcconfig"; path = "Target Support Files/Pods-Eventer/Pods-Eventer.debug.xcconfig"; sourceTree = "<group>"; };
		7F5EFDEBCFFFE7718F3DE2C6 /* CreateEventModuleAssembly.swift */ = {isa = PBXFileReference; includeInIndex = 1; lastKnownFileType = sourcecode.swift; path = CreateEventModuleAssembly.swift; sourceTree = "<group>"; };
		8B8DFD32D864AD3C963B4C3E /* FavouritesViewController.swift */ = {isa = PBXFileReference; includeInIndex = 1; lastKnownFileType = sourcecode.swift; path = FavouritesViewController.swift; sourceTree = "<group>"; };
		8F8BC6B1E6EB6C077ADAD1BC /* SearchResultsViewController.swift */ = {isa = PBXFileReference; includeInIndex = 1; lastKnownFileType = sourcecode.swift; path = SearchResultsViewController.swift; sourceTree = "<group>"; };
		A770933D7F7A8CA59D8F201C /* PickLocationModule.swift */ = {isa = PBXFileReference; includeInIndex = 1; lastKnownFileType = sourcecode.swift; path = PickLocationModule.swift; sourceTree = "<group>"; };
		AFE76309394C8E4C90E524E5 /* MapModule.swift */ = {isa = PBXFileReference; includeInIndex = 1; lastKnownFileType = sourcecode.swift; path = MapModule.swift; sourceTree = "<group>"; };
		B0F2BE4AA492E62C9EBC2791 /* FeedsView.swift */ = {isa = PBXFileReference; includeInIndex = 1; lastKnownFileType = sourcecode.swift; path = FeedsView.swift; sourceTree = "<group>"; };
		B31ABDC91B2C666038A06757 /* PickLocationModuleAssembly.swift */ = {isa = PBXFileReference; includeInIndex = 1; lastKnownFileType = sourcecode.swift; path = PickLocationModuleAssembly.swift; sourceTree = "<group>"; };
		B36EAE26EED0962FD02B2B35 /* MainViewModel.swift */ = {isa = PBXFileReference; includeInIndex = 1; lastKnownFileType = sourcecode.swift; path = MainViewModel.swift; sourceTree = "<group>"; };
		B87A898B3ABDE66A62769DC0 /* MapViewModel.swift */ = {isa = PBXFileReference; includeInIndex = 1; lastKnownFileType = sourcecode.swift; path = MapViewModel.swift; sourceTree = "<group>"; };
		B968DB6D7BF2CF2E13F15B38 /* PickLocationViewModel.swift */ = {isa = PBXFileReference; includeInIndex = 1; lastKnownFileType = sourcecode.swift; path = PickLocationViewModel.swift; sourceTree = "<group>"; };
		BA404AC67DD46AF3860E5596 /* SearchResultsModuleAssembly.swift */ = {isa = PBXFileReference; includeInIndex = 1; lastKnownFileType = sourcecode.swift; path = SearchResultsModuleAssembly.swift; sourceTree = "<group>"; };
		BD20D4C9C4C01741A67267C0 /* SearchResultsView.swift */ = {isa = PBXFileReference; includeInIndex = 1; lastKnownFileType = sourcecode.swift; path = SearchResultsView.swift; sourceTree = "<group>"; };
		BE2A3D9051F8BE2CE4115CCA /* Pods-Eventer.release.xcconfig */ = {isa = PBXFileReference; includeInIndex = 1; lastKnownFileType = text.xcconfig; name = "Pods-Eventer.release.xcconfig"; path = "Target Support Files/Pods-Eventer/Pods-Eventer.release.xcconfig"; sourceTree = "<group>"; };
		C011202C2F4A46BE827DB38A /* PickLocationViewController.swift */ = {isa = PBXFileReference; includeInIndex = 1; lastKnownFileType = sourcecode.swift; path = PickLocationViewController.swift; sourceTree = "<group>"; };
		C0852413CF4BE24F88CB50A7 /* ProfileModule.swift */ = {isa = PBXFileReference; includeInIndex = 1; lastKnownFileType = sourcecode.swift; path = ProfileModule.swift; sourceTree = "<group>"; };
		C152FB27F44D14D3981F790A /* FeedsModule.swift */ = {isa = PBXFileReference; includeInIndex = 1; lastKnownFileType = sourcecode.swift; path = FeedsModule.swift; sourceTree = "<group>"; };
		C1C084B673B11617522BB746 /* CreateEventViewModel.swift */ = {isa = PBXFileReference; includeInIndex = 1; lastKnownFileType = sourcecode.swift; path = CreateEventViewModel.swift; sourceTree = "<group>"; };
		C246BAE4FFB83D4D5C37E6F4 /* CreateEventView.swift */ = {isa = PBXFileReference; includeInIndex = 1; lastKnownFileType = sourcecode.swift; path = CreateEventView.swift; sourceTree = "<group>"; };
		C42F69C23D1D21C580C63862 /* MapModuleAssembly.swift */ = {isa = PBXFileReference; includeInIndex = 1; lastKnownFileType = sourcecode.swift; path = MapModuleAssembly.swift; sourceTree = "<group>"; };
		C87084A6B9812566DEC6C47F /* ProfileView.swift */ = {isa = PBXFileReference; includeInIndex = 1; lastKnownFileType = sourcecode.swift; path = ProfileView.swift; sourceTree = "<group>"; };
		C8BA9246E208C288544FC026 /* FeedFiltersViewModel.swift */ = {isa = PBXFileReference; includeInIndex = 1; lastKnownFileType = sourcecode.swift; path = FeedFiltersViewModel.swift; sourceTree = "<group>"; };
		CE968EF75ADE9F7673C045DA /* CreateEventViewController.swift */ = {isa = PBXFileReference; includeInIndex = 1; lastKnownFileType = sourcecode.swift; path = CreateEventViewController.swift; sourceTree = "<group>"; };
		CFBDFA940461114D92C69E97 /* FavouritesModule.swift */ = {isa = PBXFileReference; includeInIndex = 1; lastKnownFileType = sourcecode.swift; path = FavouritesModule.swift; sourceTree = "<group>"; };
		D3B2620F8C4A61B3606AF992 /* MapViewController.swift */ = {isa = PBXFileReference; includeInIndex = 1; lastKnownFileType = sourcecode.swift; path = MapViewController.swift; sourceTree = "<group>"; };
		D94A59F97DEE298790C73A56 /* EventDetailsModuleAssembly.swift */ = {isa = PBXFileReference; includeInIndex = 1; lastKnownFileType = sourcecode.swift; path = EventDetailsModuleAssembly.swift; sourceTree = "<group>"; };
		E304F524E3606946CE1F4D47 /* FavouritesView.swift */ = {isa = PBXFileReference; includeInIndex = 1; lastKnownFileType = sourcecode.swift; path = FavouritesView.swift; sourceTree = "<group>"; };
		FB43288DA9C26D74908AC202 /* SearchResultsCoordinator.swift */ = {isa = PBXFileReference; includeInIndex = 1; lastKnownFileType = sourcecode.swift; path = SearchResultsCoordinator.swift; sourceTree = "<group>"; };
		FD14D7C0D16D1E20114621F4 /* SearchResultsModule.swift */ = {isa = PBXFileReference; includeInIndex = 1; lastKnownFileType = sourcecode.swift; path = SearchResultsModule.swift; sourceTree = "<group>"; };
		FE4C3B050A83D2DFA79606D2 /* EventDetailsView.swift */ = {isa = PBXFileReference; includeInIndex = 1; lastKnownFileType = sourcecode.swift; path = EventDetailsView.swift; sourceTree = "<group>"; };
		FFEB1DA80BD98C9A699CB163 /* PickLocationCoordinator.swift */ = {isa = PBXFileReference; includeInIndex = 1; lastKnownFileType = sourcecode.swift; path = PickLocationCoordinator.swift; sourceTree = "<group>"; };
/* End PBXFileReference section */

/* Begin PBXFrameworksBuildPhase section */
		0EBBD8B625A79E66006489D5 /* Frameworks */ = {
			isa = PBXFrameworksBuildPhase;
			buildActionMask = 2147483647;
			files = (
				48F6E27309199118B90F32C2 /* Pods_Eventer.framework in Frameworks */,
			);
			runOnlyForDeploymentPostprocessing = 0;
		};
/* End PBXFrameworksBuildPhase section */

/* Begin PBXGroup section */
		0005AA7F26519CC800701F02 /* Subviews */ = {
			isa = PBXGroup;
			children = (
				0005AA8026519CE300701F02 /* BubblesTableCell.swift */,
				0005AA852651AD7E00701F02 /* PriceFilterTableCell.swift */,
			);
			path = Subviews;
			sourceTree = "<group>";
		};
		004C255A263FE9C00011EAEF /* Bubbles */ = {
			isa = PBXGroup;
			children = (
				004C255B263FEA950011EAEF /* BubblesCollectionView.swift */,
				004C255E263FEB050011EAEF /* BubbleViewCell.swift */,
			);
			path = Bubbles;
			sourceTree = "<group>";
		};
		006D0077262DA33B00C545E8 /* ViewModels */ = {
			isa = PBXGroup;
			children = (
				006D0078262DA34A00C545E8 /* EventCardViewModel.swift */,
				004C2561263FEDB00011EAEF /* BubbleViewModel.swift */,
			);
			path = ViewModels;
			sourceTree = "<group>";
		};
		0079F10A2607F787006A4A1E /* Base.lproj */ = {
			isa = PBXGroup;
			children = (
				0079F10B2607F795006A4A1E /* Localizable.strings */,
			);
			path = Base.lproj;
			sourceTree = "<group>";
		};
		007E1C952654601700181BCD /* Subviews */ = {
			isa = PBXGroup;
			children = (
				007E1C962654602B00181BCD /* FavoriteEventCellView.swift */,
			);
			path = Subviews;
			sourceTree = "<group>";
		};
		00C77B3B265A8B6C004B49E1 /* Subviews */ = {
			isa = PBXGroup;
			children = (
				00C77B3C265A8BDB004B49E1 /* TagInputView.swift */,
				00C77B40265B087E004B49E1 /* FormInputField.swift */,
			);
			path = Subviews;
			sourceTree = "<group>";
		};
		00C77B43265B0F9E004B49E1 /* Buttons */ = {
			isa = PBXGroup;
			children = (
			);
			path = Buttons;
			sourceTree = "<group>";
		};
		00DF258A25F6CD9D009ADFFE /* SearchBar */ = {
			isa = PBXGroup;
			children = (
				00DF258B25F6CDB8009ADFFE /* SearchBarView.swift */,
			);
			path = SearchBar;
			sourceTree = "<group>";
		};
		00F68D2225A7AB6300259E4C /* ApplicationLayer */ = {
			isa = PBXGroup;
			children = (
				00F68D2325A7AB7200259E4C /* ApplicationCoordinator.swift */,
			);
			path = ApplicationLayer;
			sourceTree = "<group>";
		};
		00F68D5025A7BE2800259E4C /* Resources */ = {
			isa = PBXGroup;
			children = (
				0079F10A2607F787006A4A1E /* Base.lproj */,
				00F68D7A25A7C80C00259E4C /* Generated */,
				00F68D6D25A7C7A600259E4C /* Assets.xcassets */,
				00BF2FB62623BAC1002E60A3 /* Fonts.swift */,
			);
			path = Resources;
			sourceTree = "<group>";
		};
		00F68D7A25A7C80C00259E4C /* Generated */ = {
			isa = PBXGroup;
			children = (
				0079F10F2607F881006A4A1E /* Strings+Generated.swift */,
				00F68D7B25A7C80C00259E4C /* Assets.swift */,
			);
			path = Generated;
			sourceTree = "<group>";
		};
		0A99EAD56ED7277224EF23E8 /* ViewModel */ = {
			isa = PBXGroup;
			children = (
				B87A898B3ABDE66A62769DC0 /* MapViewModel.swift */,
			);
			path = ViewModel;
			sourceTree = "<group>";
		};
		0C21F5565E1FEB26245ECF81 /* FeedFilters */ = {
			isa = PBXGroup;
			children = (
				B1D9DA116F3865A6A2EB6E05 /* Module */,
				415AAA6E8BC701EDBC2CEEE8 /* View */,
				5B6C3AF3ABEFCF92E0DDD47C /* ViewModel */,
				EF909BE508E1F6BAD9DC0B34 /* Coordinator */,
			);
			path = FeedFilters;
			sourceTree = "<group>";
		};
		0EBBD8B025A79E66006489D5 = {
			isa = PBXGroup;
			children = (
				0EBBD8BB25A79E66006489D5 /* Eventer */,
				0EBBD8BA25A79E66006489D5 /* Products */,
				A151BDAB52EED4440DCA75E5 /* Pods */,
				6D56FE3514C935FF084E6596 /* Frameworks */,
			);
			sourceTree = "<group>";
		};
		0EBBD8BA25A79E66006489D5 /* Products */ = {
			isa = PBXGroup;
			children = (
				0EBBD8B925A79E66006489D5 /* Eventer.app */,
			);
			name = Products;
			sourceTree = "<group>";
		};
		0EBBD8BB25A79E66006489D5 /* Eventer */ = {
			isa = PBXGroup;
			children = (
				0EF5972325A7D0B100B8458B /* BusinessLogicLayer */,
				0EF5972725A7D0B100B8458B /* ModelLayer */,
				00F68D5025A7BE2800259E4C /* Resources */,
				00F68D2225A7AB6300259E4C /* ApplicationLayer */,
				0EBBD8BC25A79E66006489D5 /* AppDelegate.swift */,
				0EBBD8BE25A79E66006489D5 /* SceneDelegate.swift */,
				0EBBD8C725A79E68006489D5 /* LaunchScreen.storyboard */,
				0EBBD8CA25A79E68006489D5 /* Info.plist */,
				0EF5971D25A7CD7A00B8458B /* GoogleService-Info.plist */,
				E4D31DF4B699CE7C89F35F68 /* PresentationLayer */,
				0EF5972025A7D02500B8458B /* Utils */,
			);
			path = Eventer;
			sourceTree = "<group>";
		};
		0EF5970D25A7CC0D00B8458B /* Common */ = {
			isa = PBXGroup;
			children = (
				00C77B43265B0F9E004B49E1 /* Buttons */,
				004C255A263FE9C00011EAEF /* Bubbles */,
				006D0077262DA33B00C545E8 /* ViewModels */,
				00DF258A25F6CD9D009ADFFE /* SearchBar */,
				0EF5970E25A7CC0D00B8458B /* Constants */,
				0EF5971125A7CC0D00B8458B /* EventCard */,
				0EF5971525A7CC0D00B8458B /* Extensions */,
			);
			path = Common;
			sourceTree = "<group>";
		};
		0EF5970E25A7CC0D00B8458B /* Constants */ = {
			isa = PBXGroup;
			children = (
				0EF5970F25A7CC0D00B8458B /* Tags.swift */,
			);
			path = Constants;
			sourceTree = "<group>";
		};
		0EF5971125A7CC0D00B8458B /* EventCard */ = {
			isa = PBXGroup;
			children = (
				0EF5971225A7CC0D00B8458B /* EventCardView.swift */,
				0EF5971325A7CC0D00B8458B /* VisitorsPreview.swift */,
				0EF5971425A7CC0D00B8458B /* DateView.swift */,
				00BF2FAA26238A58002E60A3 /* EventFullSizeCard.swift */,
				00BF2FAD262391BE002E60A3 /* LikeButton.swift */,
				00BF2FB026239DDE002E60A3 /* EventInfoField.swift */,
				00BF2FB32623A5A4002E60A3 /* EventOrganizerInfo.swift */,
			);
			path = EventCard;
			sourceTree = "<group>";
		};
		0EF5971525A7CC0D00B8458B /* Extensions */ = {
			isa = PBXGroup;
			children = (
				0EF5971625A7CC0D00B8458B /* UIImageView+Storage.swift */,
			);
			path = Extensions;
			sourceTree = "<group>";
		};
		0EF5972025A7D02500B8458B /* Utils */ = {
			isa = PBXGroup;
			children = (
				0EF5972125A7D02500B8458B /* CustomDateFormatter.swift */,
			);
			path = Utils;
			sourceTree = "<group>";
		};
		0EF5972325A7D0B100B8458B /* BusinessLogicLayer */ = {
			isa = PBXGroup;
			children = (
				0EF5972425A7D0B100B8458B /* EventsDataSource */,
				0080A7E3260963F600EDE378 /* ServicesAssembly.swift */,
			);
			path = BusinessLogicLayer;
			sourceTree = "<group>";
		};
		0EF5972425A7D0B100B8458B /* EventsDataSource */ = {
			isa = PBXGroup;
			children = (
				0080A7DD26095E1100EDE378 /* EventsService.swift */,
				0EF5972525A7D0B100B8458B /* EventType.swift */,
				0EF5972625A7D0B100B8458B /* EventsLoader.swift */,
				0080A7E026095E2200EDE378 /* EventsServiceImpl.swift */,
			);
			path = EventsDataSource;
			sourceTree = "<group>";
		};
		0EF5972725A7D0B100B8458B /* ModelLayer */ = {
			isa = PBXGroup;
			children = (
				0EF5972825A7D0B100B8458B /* Entities */,
			);
			path = ModelLayer;
			sourceTree = "<group>";
		};
		0EF5972825A7D0B100B8458B /* Entities */ = {
			isa = PBXGroup;
			children = (
				0EF5972925A7D0B100B8458B /* Event.swift */,
				0EF5972A25A7D0B100B8458B /* Visitors.swift */,
				0079E5AF263ED971003744FF /* TimeOfDay.swift */,
				002800852653180D0033B433 /* EventLocation.swift */,
			);
			path = Entities;
			sourceTree = "<group>";
		};
		0EF5973225A7D62600B8458B /* Subviews */ = {
			isa = PBXGroup;
			children = (
				0EF5973125A7D62600B8458B /* SearchResultsNotFoundView.swift */,
				0EF5973325A7D62600B8458B /* SearchResultCell.swift */,
			);
			path = Subviews;
			sourceTree = "<group>";
		};
		0EF5973525A7D62600B8458B /* Subviews */ = {
			isa = PBXGroup;
			children = (
				0EF5973625A7D62600B8458B /* FeedsSectionHeaderView.swift */,
				0EF5973725A7D62600B8458B /* Tags */,
				0EF5973B25A7D62600B8458B /* Events */,
			);
			path = Subviews;
			sourceTree = "<group>";
		};
		0EF5973725A7D62600B8458B /* Tags */ = {
			isa = PBXGroup;
			children = (
				0EF5973825A7D62600B8458B /* TagCollectionCell.swift */,
				0EF5973925A7D62600B8458B /* TagView.swift */,
				0EF5973A25A7D62600B8458B /* TagsCell.swift */,
			);
			path = Tags;
			sourceTree = "<group>";
		};
		0EF5973B25A7D62600B8458B /* Events */ = {
			isa = PBXGroup;
			children = (
				0EF5973C25A7D62600B8458B /* EventCollectionCell.swift */,
				0EF5973D25A7D62600B8458B /* EventListCell.swift */,
			);
			path = Events;
			sourceTree = "<group>";
		};
		0EF9F847EA5B5E045D8297B3 /* Module */ = {
			isa = PBXGroup;
			children = (
				A770933D7F7A8CA59D8F201C /* PickLocationModule.swift */,
				B31ABDC91B2C666038A06757 /* PickLocationModuleAssembly.swift */,
			);
			name = Module;
			path = Module;
			sourceTree = "<group>";
		};
		1307F40DFF9A802E1622D19F /* UserStories */ = {
			isa = PBXGroup;
			children = (
				167F7936B10F583CA4D47F9F /* Main */,
				2FCDE6C66771D177B7A4871E /* Feeds */,
				30B590D2E28754EA0C361D7B /* Map */,
				1B861FEE637A645D269366CF /* CreateEvent */,
				A566CD9C4214E5FEB7F2BCA8 /* Favourites */,
				71FF5024C7BBE8C309F64E5D /* Profile */,
				765FD9A743F0B71F24B43B2F /* SearchResults */,
				42BEC6FA928DF4BEF88547B5 /* EventDetails */,
				0C21F5565E1FEB26245ECF81 /* FeedFilters */,
				B01302349CAFBDA76124EF1D /* PickLocation */,
			);
			path = UserStories;
			sourceTree = "<group>";
		};
		167F7936B10F583CA4D47F9F /* Main */ = {
			isa = PBXGroup;
			children = (
				341633DC484A2EBE00A223C9 /* Module */,
				B12934BB5179AA7139DC8037 /* View */,
				46D6A0D87C75597B8D2DF587 /* ViewModel */,
				D47255E69C8F6080484E2549 /* Coordinator */,
			);
			path = Main;
			sourceTree = "<group>";
		};
		1B861FEE637A645D269366CF /* CreateEvent */ = {
			isa = PBXGroup;
			children = (
				9679D9549BD64E52EA0F4742 /* Module */,
				66829EFC08119F0DF6A9EC3B /* View */,
				962F1E732F8F20B8D2DD3B24 /* ViewModel */,
			);
			path = CreateEvent;
			sourceTree = "<group>";
		};
		223A4005FF56D9298CE4A335 /* Coordinator */ = {
			isa = PBXGroup;
			children = (
				FFEB1DA80BD98C9A699CB163 /* PickLocationCoordinator.swift */,
			);
			name = Coordinator;
			path = Coordinator;
			sourceTree = "<group>";
		};
		22FC9ACF912C1967CCF23FAA /* View */ = {
			isa = PBXGroup;
			children = (
				C011202C2F4A46BE827DB38A /* PickLocationViewController.swift */,
				3CCB0CB9B8FF4494FAEEBA90 /* PickLocationView.swift */,
			);
			name = View;
			path = View;
			sourceTree = "<group>";
		};
		2AEBFCF9F2801E00A8F5154D /* View */ = {
			isa = PBXGroup;
			children = (
				54E4752FC19733B39A463A57 /* ProfileViewController.swift */,
				C87084A6B9812566DEC6C47F /* ProfileView.swift */,
			);
			path = View;
			sourceTree = "<group>";
		};
		2FCDE6C66771D177B7A4871E /* Feeds */ = {
			isa = PBXGroup;
			children = (
				70B9ECA1924D2AFAAA18AEC6 /* Module */,
				65DA9A5E301CD343ED38BB83 /* View */,
				E94FB5C16E35E6E4623ECED0 /* ViewModel */,
			);
			path = Feeds;
			sourceTree = "<group>";
		};
		30B590D2E28754EA0C361D7B /* Map */ = {
			isa = PBXGroup;
			children = (
				EF28708D3FA26B04377D8322 /* Module */,
				61E08C37242177360010F400 /* View */,
				0A99EAD56ED7277224EF23E8 /* ViewModel */,
			);
			path = Map;
			sourceTree = "<group>";
		};
		341633DC484A2EBE00A223C9 /* Module */ = {
			isa = PBXGroup;
			children = (
				6306D413957137717DE30585 /* MainModule.swift */,
				14F14910C4FE7758D980A58D /* MainModuleAssembly.swift */,
			);
			path = Module;
			sourceTree = "<group>";
		};
		3B691DD56AEBA1C74DD15933 /* Module */ = {
			isa = PBXGroup;
			children = (
				CFBDFA940461114D92C69E97 /* FavouritesModule.swift */,
				3D19FFA05EED91AACD77BC63 /* FavouritesModuleAssembly.swift */,
			);
			path = Module;
			sourceTree = "<group>";
		};
		415AAA6E8BC701EDBC2CEEE8 /* View */ = {
			isa = PBXGroup;
			children = (
				0005AA7F26519CC800701F02 /* Subviews */,
				4070C011425011D68A8C994F /* FeedFiltersViewController.swift */,
				5FC7D202A45F371FBF2FA0BF /* FeedFiltersView.swift */,
			);
			path = View;
			sourceTree = "<group>";
		};
		42BEC6FA928DF4BEF88547B5 /* EventDetails */ = {
			isa = PBXGroup;
			children = (
				D20284DEAD8CBB4832EA1834 /* Module */,
				8741C28D41C0BE5EFD5DB374 /* View */,
				82DCD5BA67335D6464A6D6B1 /* ViewModel */,
				DC971A4512171288D7629C28 /* Coordinator */,
			);
			path = EventDetails;
			sourceTree = "<group>";
		};
		46D6A0D87C75597B8D2DF587 /* ViewModel */ = {
			isa = PBXGroup;
			children = (
				B36EAE26EED0962FD02B2B35 /* MainViewModel.swift */,
			);
			path = ViewModel;
			sourceTree = "<group>";
		};
		53AA2201F5539714F7FFB157 /* View */ = {
			isa = PBXGroup;
			children = (
				0EF5973225A7D62600B8458B /* Subviews */,
				8F8BC6B1E6EB6C077ADAD1BC /* SearchResultsViewController.swift */,
				BD20D4C9C4C01741A67267C0 /* SearchResultsView.swift */,
			);
			path = View;
			sourceTree = "<group>";
		};
		5741385B81EBC33E5A9F79A4 /* ViewModel */ = {
			isa = PBXGroup;
			children = (
				396905F5DAAE1E991FC67566 /* ProfileViewModel.swift */,
			);
			path = ViewModel;
			sourceTree = "<group>";
		};
		57ACDF0E9F1279624A33A126 /* ViewModel */ = {
			isa = PBXGroup;
			children = (
				B968DB6D7BF2CF2E13F15B38 /* PickLocationViewModel.swift */,
			);
			name = ViewModel;
			path = ViewModel;
			sourceTree = "<group>";
		};
		5B6C3AF3ABEFCF92E0DDD47C /* ViewModel */ = {
			isa = PBXGroup;
			children = (
				C8BA9246E208C288544FC026 /* FeedFiltersViewModel.swift */,
			);
			path = ViewModel;
			sourceTree = "<group>";
		};
		61E08C37242177360010F400 /* View */ = {
			isa = PBXGroup;
			children = (
				D3B2620F8C4A61B3606AF992 /* MapViewController.swift */,
				64D89FD51A03082A6B17B72B /* MapView.swift */,
				0028008826531D040033B433 /* EventAnnotation.swift */,
			);
			path = View;
			sourceTree = "<group>";
		};
		65DA9A5E301CD343ED38BB83 /* View */ = {
			isa = PBXGroup;
			children = (
				0EF5973E25A7D62600B8458B /* FeedsRepresentingOutput.swift */,
				0EF5973525A7D62600B8458B /* Subviews */,
				5ACCFCF898E18515F2B6356B /* FeedsViewController.swift */,
				B0F2BE4AA492E62C9EBC2791 /* FeedsView.swift */,
			);
			path = View;
			sourceTree = "<group>";
		};
		66829EFC08119F0DF6A9EC3B /* View */ = {
			isa = PBXGroup;
			children = (
				00C77B3B265A8B6C004B49E1 /* Subviews */,
				CE968EF75ADE9F7673C045DA /* CreateEventViewController.swift */,
				C246BAE4FFB83D4D5C37E6F4 /* CreateEventView.swift */,
			);
			path = View;
			sourceTree = "<group>";
		};
		6D56FE3514C935FF084E6596 /* Frameworks */ = {
			isa = PBXGroup;
			children = (
				6C6D8ECB8BAED3AD38C9E019 /* Pods_Eventer.framework */,
			);
			name = Frameworks;
			sourceTree = "<group>";
		};
		70B9ECA1924D2AFAAA18AEC6 /* Module */ = {
			isa = PBXGroup;
			children = (
				C152FB27F44D14D3981F790A /* FeedsModule.swift */,
				6818312BF7EAA52F5605635C /* FeedsModuleAssembly.swift */,
			);
			path = Module;
			sourceTree = "<group>";
		};
		71FF5024C7BBE8C309F64E5D /* Profile */ = {
			isa = PBXGroup;
			children = (
				9D3E6CC88C71663CF8CCD657 /* Module */,
				2AEBFCF9F2801E00A8F5154D /* View */,
				5741385B81EBC33E5A9F79A4 /* ViewModel */,
			);
			path = Profile;
			sourceTree = "<group>";
		};
		765FD9A743F0B71F24B43B2F /* SearchResults */ = {
			isa = PBXGroup;
			children = (
				AD05F229DFEAD4146F909B1C /* Module */,
				53AA2201F5539714F7FFB157 /* View */,
				949C671006C9A63D271F83D4 /* ViewModel */,
				CBB4274F2E61AF29A8336748 /* Coordinator */,
			);
			path = SearchResults;
			sourceTree = "<group>";
		};
		82DCD5BA67335D6464A6D6B1 /* ViewModel */ = {
			isa = PBXGroup;
			children = (
				529C2FAAE79BDD14FECDD06B /* EventDetailsViewModel.swift */,
			);
			path = ViewModel;
			sourceTree = "<group>";
		};
		8741C28D41C0BE5EFD5DB374 /* View */ = {
			isa = PBXGroup;
			children = (
				2DFB58DAA06629C6955DEF73 /* EventDetailsViewController.swift */,
				FE4C3B050A83D2DFA79606D2 /* EventDetailsView.swift */,
			);
			path = View;
			sourceTree = "<group>";
		};
		949C671006C9A63D271F83D4 /* ViewModel */ = {
			isa = PBXGroup;
			children = (
				58ED380AC6D8915D5BE0E37D /* SearchResultsViewModel.swift */,
			);
			path = ViewModel;
			sourceTree = "<group>";
		};
		962F1E732F8F20B8D2DD3B24 /* ViewModel */ = {
			isa = PBXGroup;
			children = (
				C1C084B673B11617522BB746 /* CreateEventViewModel.swift */,
			);
			path = ViewModel;
			sourceTree = "<group>";
		};
		9679D9549BD64E52EA0F4742 /* Module */ = {
			isa = PBXGroup;
			children = (
				07FC1F2AE1AE29E1C3AD0CB9 /* CreateEventModule.swift */,
				7F5EFDEBCFFFE7718F3DE2C6 /* CreateEventModuleAssembly.swift */,
			);
			path = Module;
			sourceTree = "<group>";
		};
		9D3E6CC88C71663CF8CCD657 /* Module */ = {
			isa = PBXGroup;
			children = (
				C0852413CF4BE24F88CB50A7 /* ProfileModule.swift */,
				5BC7AB54C9879BB1578ECA93 /* ProfileModuleAssembly.swift */,
			);
			path = Module;
			sourceTree = "<group>";
		};
		A151BDAB52EED4440DCA75E5 /* Pods */ = {
			isa = PBXGroup;
			children = (
				7A97058158FCF09FBC721362 /* Pods-Eventer.debug.xcconfig */,
				BE2A3D9051F8BE2CE4115CCA /* Pods-Eventer.release.xcconfig */,
			);
			path = Pods;
			sourceTree = "<group>";
		};
		A30E9185833189C7F4880CC2 /* ViewModel */ = {
			isa = PBXGroup;
			children = (
				2526AB483AD938D7B2EEC771 /* FavouritesViewModel.swift */,
			);
			path = ViewModel;
			sourceTree = "<group>";
		};
		A566CD9C4214E5FEB7F2BCA8 /* Favourites */ = {
			isa = PBXGroup;
			children = (
				3B691DD56AEBA1C74DD15933 /* Module */,
				EACAD84147744CDB40F8A144 /* View */,
				A30E9185833189C7F4880CC2 /* ViewModel */,
			);
			path = Favourites;
			sourceTree = "<group>";
		};
		AD05F229DFEAD4146F909B1C /* Module */ = {
			isa = PBXGroup;
			children = (
				FD14D7C0D16D1E20114621F4 /* SearchResultsModule.swift */,
				BA404AC67DD46AF3860E5596 /* SearchResultsModuleAssembly.swift */,
			);
			path = Module;
			sourceTree = "<group>";
		};
		B01302349CAFBDA76124EF1D /* PickLocation */ = {
			isa = PBXGroup;
			children = (
				0EF9F847EA5B5E045D8297B3 /* Module */,
				22FC9ACF912C1967CCF23FAA /* View */,
				57ACDF0E9F1279624A33A126 /* ViewModel */,
				223A4005FF56D9298CE4A335 /* Coordinator */,
			);
			name = PickLocation;
			path = PickLocation;
			sourceTree = "<group>";
		};
		B12934BB5179AA7139DC8037 /* View */ = {
			isa = PBXGroup;
			children = (
				116F2964D347790AC532588E /* MainViewController.swift */,
				6C4FA736CE5917BF0A6F0CBF /* MainView.swift */,
			);
			path = View;
			sourceTree = "<group>";
		};
		B1D9DA116F3865A6A2EB6E05 /* Module */ = {
			isa = PBXGroup;
			children = (
				3707C43F1B53A80AA33B55FD /* FeedFiltersModule.swift */,
				47271A0D53DCABFC47A5E4DD /* FeedFiltersModuleAssembly.swift */,
			);
			path = Module;
			sourceTree = "<group>";
		};
		CBB4274F2E61AF29A8336748 /* Coordinator */ = {
			isa = PBXGroup;
			children = (
				FB43288DA9C26D74908AC202 /* SearchResultsCoordinator.swift */,
			);
			path = Coordinator;
			sourceTree = "<group>";
		};
		D20284DEAD8CBB4832EA1834 /* Module */ = {
			isa = PBXGroup;
			children = (
				70A3F91EB59FF5F4164BFC4A /* EventDetailsModule.swift */,
				D94A59F97DEE298790C73A56 /* EventDetailsModuleAssembly.swift */,
			);
			path = Module;
			sourceTree = "<group>";
		};
		D47255E69C8F6080484E2549 /* Coordinator */ = {
			isa = PBXGroup;
			children = (
				683E8AD0119623378A71FE67 /* MainCoordinator.swift */,
			);
			path = Coordinator;
			sourceTree = "<group>";
		};
		DC971A4512171288D7629C28 /* Coordinator */ = {
			isa = PBXGroup;
			children = (
				3DDB81349310BC30041827B8 /* EventDetailsCoordinator.swift */,
			);
			path = Coordinator;
			sourceTree = "<group>";
		};
		E4D31DF4B699CE7C89F35F68 /* PresentationLayer */ = {
			isa = PBXGroup;
			children = (
				0EF5970D25A7CC0D00B8458B /* Common */,
				1307F40DFF9A802E1622D19F /* UserStories */,
			);
			path = PresentationLayer;
			sourceTree = "<group>";
		};
		E94FB5C16E35E6E4623ECED0 /* ViewModel */ = {
			isa = PBXGroup;
			children = (
				2976CADDE26CCEC2072F3FA2 /* FeedsViewModel.swift */,
				0079F1122607FE6E006A4A1E /* FeedsSectionViewModel.swift */,
				00625F2C263578D3004DBC35 /* TagViewModel.swift */,
			);
			path = ViewModel;
			sourceTree = "<group>";
		};
		EACAD84147744CDB40F8A144 /* View */ = {
			isa = PBXGroup;
			children = (
				007E1C952654601700181BCD /* Subviews */,
				8B8DFD32D864AD3C963B4C3E /* FavouritesViewController.swift */,
				E304F524E3606946CE1F4D47 /* FavouritesView.swift */,
			);
			path = View;
			sourceTree = "<group>";
		};
		EF28708D3FA26B04377D8322 /* Module */ = {
			isa = PBXGroup;
			children = (
				AFE76309394C8E4C90E524E5 /* MapModule.swift */,
				C42F69C23D1D21C580C63862 /* MapModuleAssembly.swift */,
			);
			path = Module;
			sourceTree = "<group>";
		};
		EF909BE508E1F6BAD9DC0B34 /* Coordinator */ = {
			isa = PBXGroup;
			children = (
				6B8AD707160589ABD9E9EF92 /* FeedFiltersCoordinator.swift */,
			);
			path = Coordinator;
			sourceTree = "<group>";
		};
/* End PBXGroup section */

/* Begin PBXNativeTarget section */
		0EBBD8B825A79E66006489D5 /* Eventer */ = {
			isa = PBXNativeTarget;
			buildConfigurationList = 0EBBD8CD25A79E68006489D5 /* Build configuration list for PBXNativeTarget "Eventer" */;
			buildPhases = (
				C6521257E1E8A0843AF6FBDF /* [CP] Check Pods Manifest.lock */,
				00F68D4F25A7BDAC00259E4C /* SwiftGen */,
				0EF5971F25A7CE5F00B8458B /* SwiftLint */,
				0EBBD8B525A79E66006489D5 /* Sources */,
				0EBBD8B625A79E66006489D5 /* Frameworks */,
				0EBBD8B725A79E66006489D5 /* Resources */,
				6064B969C5E973844A25C2FC /* [CP] Embed Pods Frameworks */,
			);
			buildRules = (
			);
			dependencies = (
			);
			name = Eventer;
			productName = Eventer;
			productReference = 0EBBD8B925A79E66006489D5 /* Eventer.app */;
			productType = "com.apple.product-type.application";
		};
/* End PBXNativeTarget section */

/* Begin PBXProject section */
		0EBBD8B125A79E66006489D5 /* Project object */ = {
			isa = PBXProject;
			attributes = {
				LastSwiftUpdateCheck = 1140;
				LastUpgradeCheck = 1140;
				ORGANIZATIONNAME = "Мирошниченко Марина";
				TargetAttributes = {
					0EBBD8B825A79E66006489D5 = {
						CreatedOnToolsVersion = 11.4;
					};
				};
			};
			buildConfigurationList = 0EBBD8B425A79E66006489D5 /* Build configuration list for PBXProject "Eventer" */;
			compatibilityVersion = "Xcode 9.3";
			developmentRegion = en;
			hasScannedForEncodings = 0;
			knownRegions = (
				en,
				Base,
				ru,
			);
			mainGroup = 0EBBD8B025A79E66006489D5;
			productRefGroup = 0EBBD8BA25A79E66006489D5 /* Products */;
			projectDirPath = "";
			projectRoot = "";
			targets = (
				0EBBD8B825A79E66006489D5 /* Eventer */,
			);
		};
/* End PBXProject section */

/* Begin PBXResourcesBuildPhase section */
		0EBBD8B725A79E66006489D5 /* Resources */ = {
			isa = PBXResourcesBuildPhase;
			buildActionMask = 2147483647;
			files = (
				0EBBD8C925A79E68006489D5 /* LaunchScreen.storyboard in Resources */,
				0079F10D2607F795006A4A1E /* Localizable.strings in Resources */,
				00F68D6E25A7C7A600259E4C /* Assets.xcassets in Resources */,
				0EF5971E25A7CD7A00B8458B /* GoogleService-Info.plist in Resources */,
			);
			runOnlyForDeploymentPostprocessing = 0;
		};
/* End PBXResourcesBuildPhase section */

/* Begin PBXShellScriptBuildPhase section */
		00F68D4F25A7BDAC00259E4C /* SwiftGen */ = {
			isa = PBXShellScriptBuildPhase;
			buildActionMask = 2147483647;
			files = (
			);
			inputFileListPaths = (
			);
			inputPaths = (
			);
			name = SwiftGen;
			outputFileListPaths = (
			);
			outputPaths = (
			);
			runOnlyForDeploymentPostprocessing = 0;
			shellPath = /bin/sh;
			shellScript = "if [[ -f \"${PODS_ROOT}/SwiftGen/bin/swiftgen\" ]]; then\n  \"${PODS_ROOT}/SwiftGen/bin/swiftgen\"\nelse\n  echo \"warning: SwiftGen is not installed. Run 'pod install --repo-update' to install it.\"\nfi\n";
		};
		0EF5971F25A7CE5F00B8458B /* SwiftLint */ = {
			isa = PBXShellScriptBuildPhase;
			buildActionMask = 2147483647;
			files = (
			);
			inputFileListPaths = (
			);
			inputPaths = (
			);
			name = SwiftLint;
			outputFileListPaths = (
			);
			outputPaths = (
			);
			runOnlyForDeploymentPostprocessing = 0;
			shellPath = /bin/sh;
			shellScript = "if which swiftlint >/dev/null; then\n  swiftlint\nelse\n  echo \"error: SwiftLint does not exist, download it from https://github.com/realm/SwiftLint\"\n  exit 1\nfi\n";
		};
		6064B969C5E973844A25C2FC /* [CP] Embed Pods Frameworks */ = {
			isa = PBXShellScriptBuildPhase;
			buildActionMask = 2147483647;
			files = (
			);
			inputFileListPaths = (
				"${PODS_ROOT}/Target Support Files/Pods-Eventer/Pods-Eventer-frameworks-${CONFIGURATION}-input-files.xcfilelist",
			);
			name = "[CP] Embed Pods Frameworks";
			outputFileListPaths = (
				"${PODS_ROOT}/Target Support Files/Pods-Eventer/Pods-Eventer-frameworks-${CONFIGURATION}-output-files.xcfilelist",
			);
			runOnlyForDeploymentPostprocessing = 0;
			shellPath = /bin/sh;
			shellScript = "\"${PODS_ROOT}/Target Support Files/Pods-Eventer/Pods-Eventer-frameworks.sh\"\n";
			showEnvVarsInLog = 0;
		};
		C6521257E1E8A0843AF6FBDF /* [CP] Check Pods Manifest.lock */ = {
			isa = PBXShellScriptBuildPhase;
			buildActionMask = 2147483647;
			files = (
			);
			inputFileListPaths = (
			);
			inputPaths = (
				"${PODS_PODFILE_DIR_PATH}/Podfile.lock",
				"${PODS_ROOT}/Manifest.lock",
			);
			name = "[CP] Check Pods Manifest.lock";
			outputFileListPaths = (
			);
			outputPaths = (
				"$(DERIVED_FILE_DIR)/Pods-Eventer-checkManifestLockResult.txt",
			);
			runOnlyForDeploymentPostprocessing = 0;
			shellPath = /bin/sh;
			shellScript = "diff \"${PODS_PODFILE_DIR_PATH}/Podfile.lock\" \"${PODS_ROOT}/Manifest.lock\" > /dev/null\nif [ $? != 0 ] ; then\n    # print error to STDERR\n    echo \"error: The sandbox is not in sync with the Podfile.lock. Run 'pod install' or update your CocoaPods installation.\" >&2\n    exit 1\nfi\n# This output is used by Xcode 'outputs' to avoid re-running this script phase.\necho \"SUCCESS\" > \"${SCRIPT_OUTPUT_FILE_0}\"\n";
			showEnvVarsInLog = 0;
		};
/* End PBXShellScriptBuildPhase section */

/* Begin PBXSourcesBuildPhase section */
		0EBBD8B525A79E66006489D5 /* Sources */ = {
			isa = PBXSourcesBuildPhase;
			buildActionMask = 2147483647;
			files = (
				0005AA8126519CE300701F02 /* BubblesTableCell.swift in Sources */,
				0EBBD8BD25A79E66006489D5 /* AppDelegate.swift in Sources */,
				00625F2D263578D3004DBC35 /* TagViewModel.swift in Sources */,
				0EF5974525A7D62600B8458B /* TagView.swift in Sources */,
				0EBBD8BF25A79E66006489D5 /* SceneDelegate.swift in Sources */,
				00F68D2425A7AB7200259E4C /* ApplicationCoordinator.swift in Sources */,
				75D157B982AFC023A37C19F1 /* MainModule.swift in Sources */,
				93E1AEB9A3A17C25765C33E3 /* MainModuleAssembly.swift in Sources */,
				1643B6B7A1009EA360B7FE36 /* MainViewController.swift in Sources */,
				0EF5971725A7CC0D00B8458B /* Tags.swift in Sources */,
				DACEBC4261B3C6E36212DF9C /* MainView.swift in Sources */,
				0EF5974325A7D62600B8458B /* FeedsSectionHeaderView.swift in Sources */,
				0005AA862651AD7E00701F02 /* PriceFilterTableCell.swift in Sources */,
				0EF5974725A7D62600B8458B /* EventCollectionCell.swift in Sources */,
				00BF2FB126239DDE002E60A3 /* EventInfoField.swift in Sources */,
				0079F1102607F881006A4A1E /* Strings+Generated.swift in Sources */,
				4C42BDBD0F5F23C664DB6136 /* MainViewModel.swift in Sources */,
				FAE9734C9A0E18AE58614F35 /* MainCoordinator.swift in Sources */,
				0EF5972E25A7D0B100B8458B /* Visitors.swift in Sources */,
				0EF5972B25A7D0B100B8458B /* EventType.swift in Sources */,
				0EF5971C25A7CC0D00B8458B /* UIImageView+Storage.swift in Sources */,
				0EF5971B25A7CC0D00B8458B /* DateView.swift in Sources */,
				0B62AC1BB472A1A1E0DEE604 /* FeedsModule.swift in Sources */,
				E8FBFB832EE4067B8D6A8F33 /* FeedsModuleAssembly.swift in Sources */,
				006D0079262DA34A00C545E8 /* EventCardViewModel.swift in Sources */,
				002800862653180D0033B433 /* EventLocation.swift in Sources */,
				00C77B3D265A8BDB004B49E1 /* TagInputView.swift in Sources */,
				0028008926531D040033B433 /* EventAnnotation.swift in Sources */,
				C09970E1D129E05F6EF8A3D5 /* FeedsViewController.swift in Sources */,
				004C255C263FEA950011EAEF /* BubblesCollectionView.swift in Sources */,
				3BEA35A967DBB6F650D56BC6 /* FeedsView.swift in Sources */,
				0EF5972225A7D02500B8458B /* CustomDateFormatter.swift in Sources */,
				0EF5972D25A7D0B100B8458B /* Event.swift in Sources */,
				B843C36F6D5D7B3559D9BFAE /* FeedsViewModel.swift in Sources */,
				0080A7E4260963F600EDE378 /* ServicesAssembly.swift in Sources */,
				05DF6C0FF4BFB4DA038682E0 /* MapModule.swift in Sources */,
				E97DD704D43F2FB9517B8367 /* MapModuleAssembly.swift in Sources */,
				0EF5974825A7D62600B8458B /* EventListCell.swift in Sources */,
				5B91F3016C3FB0AE3E20133A /* MapViewController.swift in Sources */,
				256A2BB10AF8C71BDDBD91B0 /* MapView.swift in Sources */,
				0EF5974025A7D62600B8458B /* SearchResultsNotFoundView.swift in Sources */,
				A3BAB6403050EB53B046352F /* MapViewModel.swift in Sources */,
				913C9B2D36062C54A8F39DC4 /* CreateEventModule.swift in Sources */,
				40729A55B193C6D58E1BAC87 /* CreateEventModuleAssembly.swift in Sources */,
				0E2C5EFC3FC1F1010DFE6777 /* CreateEventViewController.swift in Sources */,
				00DF258C25F6CDB8009ADFFE /* SearchBarView.swift in Sources */,
				0EF5974925A7D62600B8458B /* FeedsRepresentingOutput.swift in Sources */,
				966E262F8E99E34073CA0D26 /* CreateEventView.swift in Sources */,
				0448EEA7FE0EE1C922E497EE /* CreateEventViewModel.swift in Sources */,
				CDE7E8221AEEBDBC552F23B4 /* FavouritesModule.swift in Sources */,
				0EF5974125A7D62600B8458B /* SearchResultCell.swift in Sources */,
				0080A7E126095E2200EDE378 /* EventsServiceImpl.swift in Sources */,
				00F68D7C25A7C80C00259E4C /* Assets.swift in Sources */,
				A6F938B1B806ADB8D630D7DD /* FavouritesModuleAssembly.swift in Sources */,
				0EF5971A25A7CC0D00B8458B /* VisitorsPreview.swift in Sources */,
				00C77B41265B087E004B49E1 /* FormInputField.swift in Sources */,
				0EF5974625A7D62600B8458B /* TagsCell.swift in Sources */,
				004C2562263FEDB00011EAEF /* BubbleViewModel.swift in Sources */,
				E611726537AA67DA8D3A4CEC /* FavouritesViewController.swift in Sources */,
				00BF2FAB26238A58002E60A3 /* EventFullSizeCard.swift in Sources */,
				0EF5974425A7D62600B8458B /* TagCollectionCell.swift in Sources */,
				007E1C972654602B00181BCD /* FavoriteEventCellView.swift in Sources */,
				0EF5971925A7CC0D00B8458B /* EventCardView.swift in Sources */,
				C720252B7CF88F89E00553F8 /* FavouritesView.swift in Sources */,
				324B85E3E9D96012855330B6 /* FavouritesViewModel.swift in Sources */,
				00BF2FB42623A5A4002E60A3 /* EventOrganizerInfo.swift in Sources */,
				2B568C0161D84D663E6667F2 /* ProfileModule.swift in Sources */,
				1818C58716414109F5301629 /* ProfileModuleAssembly.swift in Sources */,
				0080A7DE26095E1100EDE378 /* EventsService.swift in Sources */,
				18F8BE2D7901E84FB3AC084B /* ProfileViewController.swift in Sources */,
				0EF5972C25A7D0B100B8458B /* EventsLoader.swift in Sources */,
				00BF2FAE262391BE002E60A3 /* LikeButton.swift in Sources */,
				A7C48083EE2AA46E00E6D792 /* ProfileView.swift in Sources */,
				9E2EBDF1B7D4EA4CF6D64DD1 /* ProfileViewModel.swift in Sources */,
				00BF2FB72623BAC1002E60A3 /* Fonts.swift in Sources */,
				D1096D7BBCED935E1B792775 /* SearchResultsModule.swift in Sources */,
				0FD69D934ACB8760EF453CB0 /* SearchResultsModuleAssembly.swift in Sources */,
				4869EDC3BA710C7AFD2A906C /* SearchResultsViewController.swift in Sources */,
				222ED5C0923D4B01A4B1B2A3 /* SearchResultsView.swift in Sources */,
				0079E5B0263ED971003744FF /* TimeOfDay.swift in Sources */,
				B8540EE16ECAD2FB457BB950 /* SearchResultsViewModel.swift in Sources */,
				0079F1132607FE6E006A4A1E /* FeedsSectionViewModel.swift in Sources */,
				004C255F263FEB050011EAEF /* BubbleViewCell.swift in Sources */,
				8A9AAFF1AFD7BC0F4F50D1F1 /* SearchResultsCoordinator.swift in Sources */,
				0EB3028D748AD922DAC05FC8 /* EventDetailsModule.swift in Sources */,
				D58DD247367C32EA2F4C7C24 /* EventDetailsModuleAssembly.swift in Sources */,
				292B2B282853E3E5B553FA9C /* EventDetailsViewController.swift in Sources */,
				5E6F9E453C80113F642BDB09 /* EventDetailsView.swift in Sources */,
				A92EC6DFA10984C35742E306 /* EventDetailsViewModel.swift in Sources */,
				C5471CAF063AF5F4B2E67000 /* EventDetailsCoordinator.swift in Sources */,
				AE08CB25101FFC974E30FCA0 /* FeedFiltersModule.swift in Sources */,
				0472576DF647FBE021EA41AD /* FeedFiltersModuleAssembly.swift in Sources */,
				136A9759CDEE9FB5C0DE306B /* FeedFiltersViewController.swift in Sources */,
				4AC95D2CC96756FD513446EA /* FeedFiltersView.swift in Sources */,
				A08127F1735162A6C3693360 /* FeedFiltersViewModel.swift in Sources */,
				1245DDD991B8B8D54E9EDB15 /* FeedFiltersCoordinator.swift in Sources */,
				CD0159D8F02B2793197CC013 /* PickLocationModule.swift in Sources */,
				3ADDD8C28E2EBC6FE5F21BF9 /* PickLocationModuleAssembly.swift in Sources */,
				BF8E13E3EB5E61A9B07B61BF /* PickLocationViewController.swift in Sources */,
				AD0117533CD0AB1F39F2FC9E /* PickLocationView.swift in Sources */,
				8DE3611E9BB23C50144AE676 /* PickLocationViewModel.swift in Sources */,
				9ED1E7DDF9DE803C34AE24CF /* PickLocationCoordinator.swift in Sources */,
			);
			runOnlyForDeploymentPostprocessing = 0;
		};
/* End PBXSourcesBuildPhase section */

/* Begin PBXVariantGroup section */
		0079F10B2607F795006A4A1E /* Localizable.strings */ = {
			isa = PBXVariantGroup;
			children = (
				0079F10C2607F795006A4A1E /* Base */,
				00BF2FA726238113002E60A3 /* ru */,
			);
			name = Localizable.strings;
			sourceTree = "<group>";
		};
		0EBBD8C725A79E68006489D5 /* LaunchScreen.storyboard */ = {
			isa = PBXVariantGroup;
			children = (
				0EBBD8C825A79E68006489D5 /* Base */,
				00BF2FA626238113002E60A3 /* ru */,
			);
			name = LaunchScreen.storyboard;
			sourceTree = "<group>";
		};
/* End PBXVariantGroup section */

/* Begin XCBuildConfiguration section */
		0EBBD8CB25A79E68006489D5 /* Debug */ = {
			isa = XCBuildConfiguration;
			buildSettings = {
				ALWAYS_SEARCH_USER_PATHS = NO;
				CLANG_ANALYZER_LOCALIZABILITY_NONLOCALIZED = YES;
				CLANG_ANALYZER_NONNULL = YES;
				CLANG_ANALYZER_NUMBER_OBJECT_CONVERSION = YES_AGGRESSIVE;
				CLANG_CXX_LANGUAGE_STANDARD = "gnu++14";
				CLANG_CXX_LIBRARY = "libc++";
				CLANG_ENABLE_MODULES = YES;
				CLANG_ENABLE_OBJC_ARC = YES;
				CLANG_ENABLE_OBJC_WEAK = YES;
				CLANG_WARN_BLOCK_CAPTURE_AUTORELEASING = YES;
				CLANG_WARN_BOOL_CONVERSION = YES;
				CLANG_WARN_COMMA = YES;
				CLANG_WARN_CONSTANT_CONVERSION = YES;
				CLANG_WARN_DEPRECATED_OBJC_IMPLEMENTATIONS = YES;
				CLANG_WARN_DIRECT_OBJC_ISA_USAGE = YES_ERROR;
				CLANG_WARN_DOCUMENTATION_COMMENTS = YES;
				CLANG_WARN_EMPTY_BODY = YES;
				CLANG_WARN_ENUM_CONVERSION = YES;
				CLANG_WARN_INFINITE_RECURSION = YES;
				CLANG_WARN_INT_CONVERSION = YES;
				CLANG_WARN_NON_LITERAL_NULL_CONVERSION = YES;
				CLANG_WARN_OBJC_IMPLICIT_RETAIN_SELF = YES;
				CLANG_WARN_OBJC_LITERAL_CONVERSION = YES;
				CLANG_WARN_OBJC_ROOT_CLASS = YES_ERROR;
				CLANG_WARN_RANGE_LOOP_ANALYSIS = YES;
				CLANG_WARN_STRICT_PROTOTYPES = YES;
				CLANG_WARN_SUSPICIOUS_MOVE = YES;
				CLANG_WARN_UNGUARDED_AVAILABILITY = YES_AGGRESSIVE;
				CLANG_WARN_UNREACHABLE_CODE = YES;
				CLANG_WARN__DUPLICATE_METHOD_MATCH = YES;
				COPY_PHASE_STRIP = NO;
				DEBUG_INFORMATION_FORMAT = dwarf;
				ENABLE_STRICT_OBJC_MSGSEND = YES;
				ENABLE_TESTABILITY = YES;
				GCC_C_LANGUAGE_STANDARD = gnu11;
				GCC_DYNAMIC_NO_PIC = NO;
				GCC_NO_COMMON_BLOCKS = YES;
				GCC_OPTIMIZATION_LEVEL = 0;
				GCC_PREPROCESSOR_DEFINITIONS = (
					"DEBUG=1",
					"$(inherited)",
				);
				GCC_WARN_64_TO_32_BIT_CONVERSION = YES;
				GCC_WARN_ABOUT_RETURN_TYPE = YES_ERROR;
				GCC_WARN_UNDECLARED_SELECTOR = YES;
				GCC_WARN_UNINITIALIZED_AUTOS = YES_AGGRESSIVE;
				GCC_WARN_UNUSED_FUNCTION = YES;
				GCC_WARN_UNUSED_VARIABLE = YES;
				IPHONEOS_DEPLOYMENT_TARGET = 11.0;
				MTL_ENABLE_DEBUG_INFO = INCLUDE_SOURCE;
				MTL_FAST_MATH = YES;
				ONLY_ACTIVE_ARCH = YES;
				SDKROOT = iphoneos;
				SWIFT_ACTIVE_COMPILATION_CONDITIONS = DEBUG;
				SWIFT_OPTIMIZATION_LEVEL = "-Onone";
			};
			name = Debug;
		};
		0EBBD8CC25A79E68006489D5 /* Release */ = {
			isa = XCBuildConfiguration;
			buildSettings = {
				ALWAYS_SEARCH_USER_PATHS = NO;
				CLANG_ANALYZER_LOCALIZABILITY_NONLOCALIZED = YES;
				CLANG_ANALYZER_NONNULL = YES;
				CLANG_ANALYZER_NUMBER_OBJECT_CONVERSION = YES_AGGRESSIVE;
				CLANG_CXX_LANGUAGE_STANDARD = "gnu++14";
				CLANG_CXX_LIBRARY = "libc++";
				CLANG_ENABLE_MODULES = YES;
				CLANG_ENABLE_OBJC_ARC = YES;
				CLANG_ENABLE_OBJC_WEAK = YES;
				CLANG_WARN_BLOCK_CAPTURE_AUTORELEASING = YES;
				CLANG_WARN_BOOL_CONVERSION = YES;
				CLANG_WARN_COMMA = YES;
				CLANG_WARN_CONSTANT_CONVERSION = YES;
				CLANG_WARN_DEPRECATED_OBJC_IMPLEMENTATIONS = YES;
				CLANG_WARN_DIRECT_OBJC_ISA_USAGE = YES_ERROR;
				CLANG_WARN_DOCUMENTATION_COMMENTS = YES;
				CLANG_WARN_EMPTY_BODY = YES;
				CLANG_WARN_ENUM_CONVERSION = YES;
				CLANG_WARN_INFINITE_RECURSION = YES;
				CLANG_WARN_INT_CONVERSION = YES;
				CLANG_WARN_NON_LITERAL_NULL_CONVERSION = YES;
				CLANG_WARN_OBJC_IMPLICIT_RETAIN_SELF = YES;
				CLANG_WARN_OBJC_LITERAL_CONVERSION = YES;
				CLANG_WARN_OBJC_ROOT_CLASS = YES_ERROR;
				CLANG_WARN_RANGE_LOOP_ANALYSIS = YES;
				CLANG_WARN_STRICT_PROTOTYPES = YES;
				CLANG_WARN_SUSPICIOUS_MOVE = YES;
				CLANG_WARN_UNGUARDED_AVAILABILITY = YES_AGGRESSIVE;
				CLANG_WARN_UNREACHABLE_CODE = YES;
				CLANG_WARN__DUPLICATE_METHOD_MATCH = YES;
				COPY_PHASE_STRIP = NO;
				DEBUG_INFORMATION_FORMAT = "dwarf-with-dsym";
				ENABLE_NS_ASSERTIONS = NO;
				ENABLE_STRICT_OBJC_MSGSEND = YES;
				GCC_C_LANGUAGE_STANDARD = gnu11;
				GCC_NO_COMMON_BLOCKS = YES;
				GCC_WARN_64_TO_32_BIT_CONVERSION = YES;
				GCC_WARN_ABOUT_RETURN_TYPE = YES_ERROR;
				GCC_WARN_UNDECLARED_SELECTOR = YES;
				GCC_WARN_UNINITIALIZED_AUTOS = YES_AGGRESSIVE;
				GCC_WARN_UNUSED_FUNCTION = YES;
				GCC_WARN_UNUSED_VARIABLE = YES;
				IPHONEOS_DEPLOYMENT_TARGET = 11.0;
				MTL_ENABLE_DEBUG_INFO = NO;
				MTL_FAST_MATH = YES;
				SDKROOT = iphoneos;
				SWIFT_COMPILATION_MODE = wholemodule;
				SWIFT_OPTIMIZATION_LEVEL = "-O";
				VALIDATE_PRODUCT = YES;
			};
			name = Release;
		};
		0EBBD8CE25A79E68006489D5 /* Debug */ = {
			isa = XCBuildConfiguration;
			baseConfigurationReference = 7A97058158FCF09FBC721362 /* Pods-Eventer.debug.xcconfig */;
			buildSettings = {
				ASSETCATALOG_COMPILER_APPICON_NAME = AppIcon;
				CODE_SIGN_IDENTITY = "Apple Development";
				CODE_SIGN_STYLE = Automatic;
				DEVELOPMENT_TEAM = L8SVH5Q4Y9;
				INFOPLIST_FILE = Eventer/Info.plist;
				IPHONEOS_DEPLOYMENT_TARGET = 11.0;
				LD_RUNPATH_SEARCH_PATHS = (
					"$(inherited)",
					"@executable_path/Frameworks",
				);
				PRODUCT_BUNDLE_IDENTIFIER = com.marinmir.Eventer;
				PRODUCT_NAME = "$(TARGET_NAME)";
				PROVISIONING_PROFILE_SPECIFIER = "";
				SWIFT_VERSION = 5.0;
				TARGETED_DEVICE_FAMILY = 1;
			};
			name = Debug;
		};
		0EBBD8CF25A79E68006489D5 /* Release */ = {
			isa = XCBuildConfiguration;
			baseConfigurationReference = BE2A3D9051F8BE2CE4115CCA /* Pods-Eventer.release.xcconfig */;
			buildSettings = {
				ASSETCATALOG_COMPILER_APPICON_NAME = AppIcon;
				CODE_SIGN_IDENTITY = "Apple Development";
				CODE_SIGN_STYLE = Automatic;
				DEVELOPMENT_TEAM = L8SVH5Q4Y9;
				INFOPLIST_FILE = Eventer/Info.plist;
				IPHONEOS_DEPLOYMENT_TARGET = 11.0;
				LD_RUNPATH_SEARCH_PATHS = (
					"$(inherited)",
					"@executable_path/Frameworks",
				);
				PRODUCT_BUNDLE_IDENTIFIER = com.marinmir.Eventer;
				PRODUCT_NAME = "$(TARGET_NAME)";
				PROVISIONING_PROFILE_SPECIFIER = "";
				SWIFT_VERSION = 5.0;
				TARGETED_DEVICE_FAMILY = 1;
			};
			name = Release;
		};
/* End XCBuildConfiguration section */

/* Begin XCConfigurationList section */
		0EBBD8B425A79E66006489D5 /* Build configuration list for PBXProject "Eventer" */ = {
			isa = XCConfigurationList;
			buildConfigurations = (
				0EBBD8CB25A79E68006489D5 /* Debug */,
				0EBBD8CC25A79E68006489D5 /* Release */,
			);
			defaultConfigurationIsVisible = 0;
			defaultConfigurationName = Release;
		};
		0EBBD8CD25A79E68006489D5 /* Build configuration list for PBXNativeTarget "Eventer" */ = {
			isa = XCConfigurationList;
			buildConfigurations = (
				0EBBD8CE25A79E68006489D5 /* Debug */,
				0EBBD8CF25A79E68006489D5 /* Release */,
			);
			defaultConfigurationIsVisible = 0;
			defaultConfigurationName = Release;
		};
/* End XCConfigurationList section */
	};
	rootObject = 0EBBD8B125A79E66006489D5 /* Project object */;
}
