PODS:
  - InoMvvmc (0.1.0):
    - RxSwift
    - Swinject
  - RxCocoa (6.0.0):
    - RxRelay (= 6.0.0)
    - RxSwift (= 6.0.0)
  - RxRelay (6.0.0):
    - RxSwift (= 6.0.0)
  - RxSwift (6.0.0)
  - SwiftGen (6.4.0)
  - Swinject (2.7.1)

DEPENDENCIES:
  - InoMvvmc (from `/Users/ymagin/InoMvvmc`)
  - RxCocoa (= 6.0.0)
  - RxSwift (= 6.0.0)
  - SwiftGen (~> 6.0)
  - Swinject

SPEC REPOS:
  trunk:
    - RxCocoa
    - RxRelay
    - RxSwift
    - SwiftGen
    - Swinject

EXTERNAL SOURCES:
  InoMvvmc:
    :path: "/Users/ymagin/InoMvvmc"

SPEC CHECKSUMS:
  InoMvvmc: 4a1c77baf87b1298cf8c5616de3f49b2552d5c6c
  RxCocoa: 3f79328fafa3645b34600f37c31e64c73ae3a80e
  RxRelay: 8d593be109c06ea850df027351beba614b012ffb
  RxSwift: c14e798c59b9f6e9a2df8fd235602e85cc044295
  SwiftGen: 67860cc7c3cfc2ed25b9b74cfd55495fc89f9108
  Swinject: ddf78b8486dd9b71a667b852cad919ab4484478e

PODFILE CHECKSUM: 0e0d7602376d622682db8d5000f9a224bb94cd4a

COCOAPODS: 1.10.0
